PODS:
  - AFNetworking (1.3.4)
  - AFOAuth1Client (0.3.3):
    - AFNetworking (~> 1.3)
  - Expecta (0.2.4)
  - GPUImage (0.1.4)
  - iOS-blur (0.0.5)
  - JASidePanels (1.3.2)
  - Mantle (1.4.1):
    - Mantle/extobjc
  - Mantle/extobjc (1.4.1)
  - MYBlurIntroductionView (1.0.3)
  - NSDate+TimeAgo (1.0.3)
  - NSDate-Escort (1.3.0)
  - OCMock (2.2.4)
  - Overcoat (1.1):
    - AFNetworking (~> 1.3.1)
    - Mantle (~> 1.3)
  - QMBParallaxScrollViewController (0.1)
  - SDWebImage (3.5):
    - SDWebImage/Core
  - SDWebImage/Core (3.5)
  - UIColor+MLPFlatColors (1.0)
  - UIImageViewModeScaleAspect (1.3)
  - UIView+AutoLayout (1.3.0)

DEPENDENCIES:
  - AFOAuth1Client
  - Expecta (~> 0.2.3)
  - GPUImage
  - iOS-blur
  - JASidePanels
  - Mantle
  - MYBlurIntroductionView (~> 1.0.0)
  - NSDate+TimeAgo
  - NSDate-Escort
  - OCMock (~> 2.2.1)
  - Overcoat (= 1.1)
  - QMBParallaxScrollViewController
  - SDWebImage (= 3.5)
  - UIColor+MLPFlatColors (~> 1.0)
  - UIImageViewModeScaleAspect
  - UIView+AutoLayout

SPEC CHECKSUMS:
  AFNetworking: e403d4333a4e1956cb3fe42364c3c879f820c9a0
  AFOAuth1Client: 8b06e54087732068e19c4efcd7bed5d74bc9538a
  Expecta: 5c147dedfea5fbcf773995f7e65020abcc936ce5
  GPUImage: f9b32e12350792a630e596ffc7b050bea3662670
  iOS-blur: 2610bc818831fa4eec051a7193e47639d480fb32
  JASidePanels: c0e642a7311ec9cc9adfa616fa4a795e4e169f20
  Mantle: 0714cdb2b8559d9e6c2410d6a8529e3307bff189
  MYBlurIntroductionView: 0ed5699c570ceb1cdfc86dc6cf7dae869950d677
  NSDate+TimeAgo: ca09306750ac2564418042aa10cf8365c36d2cee
  NSDate-Escort: 5ec28190777f3c6042f88bbbb447a3c552e0d540
  OCMock: 5008fae4b4789b8fc3e48cd7660f2eb5ef8ce89e
  Overcoat: 4839bdbe2274a9451f6cedaf8c17742d2ab82818
  QMBParallaxScrollViewController: 46ccfa5438f07de13cc7b19766288c8e5014a83d
  SDWebImage: f1a72472f8a2d54445f1fedafe2090593d9caf7f
  UIColor+MLPFlatColors: 8631d7f050b0e5afd9af178a60319891c5113d0e
  UIImageViewModeScaleAspect: 74f439899d4f28625ea08c947bfad5a3339b0741
  UIView+AutoLayout: 43373a18797954fd8ee3b1423af364f1b80a2af8

COCOAPODS: 0.32.1
