PODS:
  - 1PasswordExtension (1.1)
  - AFNetworking (1.3.4)
  - AFOAuth1Client (0.3.3):
    - AFNetworking (~> 1.3)
  - CocoaLumberjack (1.9.2):
    - CocoaLumberjack/Extensions (= 1.9.2)
  - CocoaLumberjack/Core (1.9.2)
  - CocoaLumberjack/Extensions (1.9.2):
    - CocoaLumberjack/Core
  - DAProgressOverlayView (1.0.2)
  - DLFPhotosPicker (0.3)
  - Expecta (0.2.4)
  - GPUImage (0.1.4)
  - Mantle (1.4.1):
    - Mantle/extobjc (= 1.4.1)
  - Mantle/extobjc (1.4.1)
  - MBProgressHUD (0.8)
  - MYBlurIntroductionView (1.0.3)
  - NSDate+TimeAgo (1.0.3)
  - NSDate-Escort (1.3.0)
  - OCMock (2.2.4)
  - Overcoat (1.1):
    - AFNetworking (~> 1.3.1)
    - Mantle (~> 1.3)
  - SDWebImage (3.7.1):
    - SDWebImage/Core (= 3.7.1)
  - SDWebImage/Core (3.7.1)
  - SVProgressHUD (1.0)
  - TMCache (1.2.0)
  - TUSafariActivity (1.0.0)
  - UIColor-Crayola (1.0)
  - UIImageViewModeScaleAspect (1.3)
  - UIView+AutoLayout (1.3.0)
  - YapDatabase (2.5.3):
    - YapDatabase/standard (= 2.5.3)
  - YapDatabase/common (2.5.3):
    - CocoaLumberjack (~> 1)
  - YapDatabase/standard (2.5.3):
    - YapDatabase/common

DEPENDENCIES:
  - 1PasswordExtension (~> 1.1)
  - AFOAuth1Client (= 0.3.3)
  - DAProgressOverlayView
  - DLFPhotosPicker (from `git@github.com:nicnocquee/DLFPhotosPicker.git`)
  - Expecta (~> 0.2.3)
  - GPUImage (= 0.1.4)
  - Mantle (= 1.4.1)
  - MBProgressHUD (= 0.8)
  - MYBlurIntroductionView (= 1.0.3)
  - NSDate+TimeAgo (= 1.0.3)
  - NSDate-Escort (= 1.3.0)
  - OCMock (~> 2.2.1)
  - Overcoat (= 1.1)
  - SDWebImage (= 3.7.1)
  - SVProgressHUD (= 1.0)
  - TMCache (= 1.2.0)
  - TUSafariActivity (= 1.0.0)
  - UIColor-Crayola (= 1.0)
  - UIImageViewModeScaleAspect (= 1.3)
  - UIView+AutoLayout (= 1.3.0)
  - YapDatabase (from `git@github.com:nicnocquee/YapDatabase.git`)

EXTERNAL SOURCES:
  DLFPhotosPicker:
    :git: git@github.com:nicnocquee/DLFPhotosPicker.git
  YapDatabase:
    :git: git@github.com:nicnocquee/YapDatabase.git

CHECKOUT OPTIONS:
  DLFPhotosPicker:
    :commit: 2e6be94771daf2e84ee078f97cfc881ad0329b88
    :git: git@github.com:nicnocquee/DLFPhotosPicker.git
  YapDatabase:
    :commit: 9f717d54a0a7b5e5b0ab52834b36ef588c21f1a8
    :git: git@github.com:nicnocquee/YapDatabase.git

SPEC CHECKSUMS:
  1PasswordExtension: 37d1488cf049b8bc0811beb7b52a19f8f803f7c8
  AFNetworking: 80c4e0652b08eb34e25b9c0ff3c82556fe5967b4
  AFOAuth1Client: 53c76d9cadd73142a9f73854456d5d970bdc147a
  CocoaLumberjack: 205769c032b5fef85b92472046bcc8b7e7c8a817
  DAProgressOverlayView: 66f743e4bbbb0b5fe241670b9156d948cc228fc1
  DLFPhotosPicker: 5c8e6438ae5955253178ef62284e26df7c31018b
  Expecta: 112bcafa2304ee0f3c5e586505f24555a47b25d5
  GPUImage: ac2bde5f4dbea02a81ced6313964cec1f2043ca9
  Mantle: 1ca9c0fa84d3d3fc98524e7229f30489b6dd44e5
  MBProgressHUD: c356980b0cd097f19acec959b49dca5eb8ec31be
  MYBlurIntroductionView: 6caf60805eaa555538aba9e2615820fd6f07cd23
  NSDate+TimeAgo: f3533e0198fab05b716368b19f8c2185d53d6f3b
  NSDate-Escort: f36b94f19622172f9c9b691102d76dfeb9607012
  OCMock: 6db79185520e24f9f299548f2b8b07e41d881bd5
  Overcoat: 557a3494c7a9836917fa1b3ea08db375db7d3c75
  SDWebImage: 116e88633b5b416ea0ca4b334a4ac59cf72dd38d
  SVProgressHUD: 5034c6e22b8c2ca3e09402e48d41ed0340aa1c50
  TMCache: ea1c509badaf9a1245422aabf3c975b3277ab138
  TUSafariActivity: afff9b1d2eacf7cbace752c5f2bf56db852714de
  UIColor-Crayola: 8dad18d86c040cdc6fbd21f98733c340b6bab732
  UIImageViewModeScaleAspect: 61ea5fbcbddab6ff8ae5fe86a657f9208dd19fda
  UIView+AutoLayout: dc24ec6114498617510af759148a05b957af1b38
  YapDatabase: 097c5cc7964e0856c8ff859fdf1b18961e92a50b

COCOAPODS: 0.35.0
