// !$*UTF8*$!
{
	archiveVersion = 1;
	classes = {
	};
	objectVersion = 46;
	objects = {

/* Begin PBXBuildFile section */
		03108FEA17D0FE3A0075F9D8 /* Album.m in Sources */ = {isa = PBXBuildFile; fileRef = 03108FE917D0FE3A0075F9D8 /* Album.m */; };
		03108FF317D0FED40075F9D8 /* NSObject+setValuesForKeysWithJSONDictionary.m in Sources */ = {isa = PBXBuildFile; fileRef = 03108FF217D0FED40075F9D8 /* NSObject+setValuesForKeysWithJSONDictionary.m */; };
		03108FF617D0FF0C0075F9D8 /* PhotoBoxModel.m in Sources */ = {isa = PBXBuildFile; fileRef = 03108FF517D0FF0C0075F9D8 /* PhotoBoxModel.m */; };
		0310903B17D103330075F9D8 /* PhotoBoxClient.m in Sources */ = {isa = PBXBuildFile; fileRef = 0310903A17D103330075F9D8 /* PhotoBoxClient.m */; };
		0310903F17D104460075F9D8 /* ConnectionManager.m in Sources */ = {isa = PBXBuildFile; fileRef = 0310903E17D104460075F9D8 /* ConnectionManager.m */; };
		0310904217D1ABED0075F9D8 /* Photo.m in Sources */ = {isa = PBXBuildFile; fileRef = 0310904117D1ABED0075F9D8 /* Photo.m */; };
		0310904517D1B2840075F9D8 /* Tag.m in Sources */ = {isa = PBXBuildFile; fileRef = 0310904417D1B2840075F9D8 /* Tag.m */; };
		032CBB7E17D0BDF3001205B1 /* Foundation.framework in Frameworks */ = {isa = PBXBuildFile; fileRef = 032CBB7D17D0BDF3001205B1 /* Foundation.framework */; };
		032CBB8017D0BDF3001205B1 /* CoreGraphics.framework in Frameworks */ = {isa = PBXBuildFile; fileRef = 032CBB7F17D0BDF3001205B1 /* CoreGraphics.framework */; };
		032CBB8217D0BDF3001205B1 /* UIKit.framework in Frameworks */ = {isa = PBXBuildFile; fileRef = 032CBB8117D0BDF3001205B1 /* UIKit.framework */; };
		032CBB8817D0BDF3001205B1 /* InfoPlist.strings in Resources */ = {isa = PBXBuildFile; fileRef = 032CBB8617D0BDF3001205B1 /* InfoPlist.strings */; };
		032CBB8A17D0BDF3001205B1 /* main.m in Sources */ = {isa = PBXBuildFile; fileRef = 032CBB8917D0BDF3001205B1 /* main.m */; };
		032CBB8E17D0BDF3001205B1 /* AppDelegate.m in Sources */ = {isa = PBXBuildFile; fileRef = 032CBB8D17D0BDF3001205B1 /* AppDelegate.m */; };
		032CBB9117D0BDF3001205B1 /* Main.storyboard in Resources */ = {isa = PBXBuildFile; fileRef = 032CBB8F17D0BDF3001205B1 /* Main.storyboard */; };
		032CBB9617D0BDF3001205B1 /* Images.xcassets in Resources */ = {isa = PBXBuildFile; fileRef = 032CBB9517D0BDF3001205B1 /* Images.xcassets */; };
		032CBB9D17D0BDF3001205B1 /* XCTest.framework in Frameworks */ = {isa = PBXBuildFile; fileRef = 032CBB9C17D0BDF3001205B1 /* XCTest.framework */; };
		032CBB9E17D0BDF3001205B1 /* Foundation.framework in Frameworks */ = {isa = PBXBuildFile; fileRef = 032CBB7D17D0BDF3001205B1 /* Foundation.framework */; };
		032CBB9F17D0BDF3001205B1 /* UIKit.framework in Frameworks */ = {isa = PBXBuildFile; fileRef = 032CBB8117D0BDF3001205B1 /* UIKit.framework */; };
		032CBBA717D0BDF3001205B1 /* InfoPlist.strings in Resources */ = {isa = PBXBuildFile; fileRef = 032CBBA517D0BDF3001205B1 /* InfoPlist.strings */; };
		0337524117D3842B00928409 /* PhotoBoxImageView.m in Sources */ = {isa = PBXBuildFile; fileRef = 0337524017D3842B00928409 /* PhotoBoxImageView.m */; };
		0337524417D389B200928409 /* NPRImageView+Additionals.m in Sources */ = {isa = PBXBuildFile; fileRef = 0337524317D389B200928409 /* NPRImageView+Additionals.m */; };
		0337524717D3953100928409 /* OpenInActivity.m in Sources */ = {isa = PBXBuildFile; fileRef = 0337524617D3953100928409 /* OpenInActivity.m */; };
		0358467417D1BC1D00E196D7 /* PhotoBoxViewController.m in Sources */ = {isa = PBXBuildFile; fileRef = 0358467317D1BC1D00E196D7 /* PhotoBoxViewController.m */; };
		0358467717D1BC3D00E196D7 /* TagsViewController.m in Sources */ = {isa = PBXBuildFile; fileRef = 0358467617D1BC3D00E196D7 /* TagsViewController.m */; };
		0358467A17D1BCC000E196D7 /* AlbumsViewController.m in Sources */ = {isa = PBXBuildFile; fileRef = 0358467917D1BCC000E196D7 /* AlbumsViewController.m */; };
		0358468317D1C0E800E196D7 /* CollectionViewDataSource.m in Sources */ = {isa = PBXBuildFile; fileRef = 0358468217D1C0E800E196D7 /* CollectionViewDataSource.m */; };
		0358468717D1C19A00E196D7 /* PhotoBoxCell.m in Sources */ = {isa = PBXBuildFile; fileRef = 0358468617D1C19A00E196D7 /* PhotoBoxCell.m */; };
		0358468A17D1C1B100E196D7 /* AlbumCell.m in Sources */ = {isa = PBXBuildFile; fileRef = 0358468917D1C1B100E196D7 /* AlbumCell.m */; };
		0358468D17D1CD2500E196D7 /* CFNetwork.framework in Frameworks */ = {isa = PBXBuildFile; fileRef = 0358468C17D1CD2500E196D7 /* CFNetwork.framework */; };
		0358468F17D1CD2A00E196D7 /* QuartzCore.framework in Frameworks */ = {isa = PBXBuildFile; fileRef = 0358468E17D1CD2A00E196D7 /* QuartzCore.framework */; };
		0358469017D1CDAE00E196D7 /* Reveal.framework in Frameworks */ = {isa = PBXBuildFile; fileRef = 0358468B17D1CD1300E196D7 /* Reveal.framework */; };
		0358469817D1D42700E196D7 /* UIViewController+Additionals.m in Sources */ = {isa = PBXBuildFile; fileRef = 0358469717D1D42700E196D7 /* UIViewController+Additionals.m */; };
		0358469B17D1D72000E196D7 /* UIScrollView+Additionals.m in Sources */ = {isa = PBXBuildFile; fileRef = 0358469A17D1D72000E196D7 /* UIScrollView+Additionals.m */; };
		035846A217D1F91000E196D7 /* AlbumTitleView.m in Sources */ = {isa = PBXBuildFile; fileRef = 035846A117D1F91000E196D7 /* AlbumTitleView.m */; };
		035846A817D2021100E196D7 /* PhotosViewController.m in Sources */ = {isa = PBXBuildFile; fileRef = 035846A717D2021100E196D7 /* PhotosViewController.m */; };
		035846AB17D20B8100E196D7 /* PhotoCell.m in Sources */ = {isa = PBXBuildFile; fileRef = 035846AA17D20B8100E196D7 /* PhotoCell.m */; };
		035846AE17D22D4400E196D7 /* PhotosViewControllerDataSource.m in Sources */ = {isa = PBXBuildFile; fileRef = 035846AD17D22D4400E196D7 /* PhotosViewControllerDataSource.m */; };
		035846B117D2312500E196D7 /* NSArray+Additionals.m in Sources */ = {isa = PBXBuildFile; fileRef = 035846B017D2312500E196D7 /* NSArray+Additionals.m */; };
		035846B317D2339200E196D7 /* NSArray+AdditionalTests.m in Sources */ = {isa = PBXBuildFile; fileRef = 035846B217D2339200E196D7 /* NSArray+AdditionalTests.m */; };
		035846B717D23FB800E196D7 /* StickyHeaderFlowLayout.m in Sources */ = {isa = PBXBuildFile; fileRef = 035846B617D23FB800E196D7 /* StickyHeaderFlowLayout.m */; };
		035846BA17D2403500E196D7 /* PhotosSectionHeaderView.m in Sources */ = {isa = PBXBuildFile; fileRef = 035846B917D2403500E196D7 /* PhotosSectionHeaderView.m */; };
		035846C017D255A600E196D7 /* PhotosHorizontalScrollingViewController.m in Sources */ = {isa = PBXBuildFile; fileRef = 035846BF17D255A600E196D7 /* PhotosHorizontalScrollingViewController.m */; };
		035846C317D2598600E196D7 /* PhotoZoomableCell.m in Sources */ = {isa = PBXBuildFile; fileRef = 035846C217D2598600E196D7 /* PhotoZoomableCell.m */; };
		035846CC17D348DB00E196D7 /* PhotoBoxNavigationControllerDelegate.m in Sources */ = {isa = PBXBuildFile; fileRef = 035846CB17D348DB00E196D7 /* PhotoBoxNavigationControllerDelegate.m */; };
		035846CF17D34A0D00E196D7 /* ShowFullScreenPhotosAnimatedTransitioning.m in Sources */ = {isa = PBXBuildFile; fileRef = 035846CE17D34A0D00E196D7 /* ShowFullScreenPhotosAnimatedTransitioning.m */; };
		035846D117D34C4800E196D7 /* PhotosViewControllerTest.m in Sources */ = {isa = PBXBuildFile; fileRef = 035846D017D34C4800E196D7 /* PhotosViewControllerTest.m */; };
		035846D917D364FE00E196D7 /* UIView+Additionals.m in Sources */ = {isa = PBXBuildFile; fileRef = 035846D817D364FE00E196D7 /* UIView+Additionals.m */; };
		1818FAB4C308444482F39014 /* libPods-PhotoBoxTests.a in Frameworks */ = {isa = PBXBuildFile; fileRef = A1726016635D4784B088DF1D /* libPods-PhotoBoxTests.a */; };
		32CCCA973319465F8B41F5A2 /* libPods.a in Frameworks */ = {isa = PBXBuildFile; fileRef = A1D8E459750D4D6DBD1D4F59 /* libPods.a */; };
/* End PBXBuildFile section */

/* Begin PBXContainerItemProxy section */
		032CBBA017D0BDF3001205B1 /* PBXContainerItemProxy */ = {
			isa = PBXContainerItemProxy;
			containerPortal = 032CBB7217D0BDF3001205B1 /* Project object */;
			proxyType = 1;
			remoteGlobalIDString = 032CBB7917D0BDF3001205B1;
			remoteInfo = PhotoBox;
		};
/* End PBXContainerItemProxy section */

/* Begin PBXFileReference section */
		03108FE817D0FE3A0075F9D8 /* Album.h */ = {isa = PBXFileReference; fileEncoding = 4; lastKnownFileType = sourcecode.c.h; name = Album.h; path = PhotoBox/Models/Album.h; sourceTree = "<group>"; };
		03108FE917D0FE3A0075F9D8 /* Album.m */ = {isa = PBXFileReference; fileEncoding = 4; lastKnownFileType = sourcecode.c.objc; name = Album.m; path = PhotoBox/Models/Album.m; sourceTree = "<group>"; };
		03108FF117D0FED40075F9D8 /* NSObject+setValuesForKeysWithJSONDictionary.h */ = {isa = PBXFileReference; fileEncoding = 4; lastKnownFileType = sourcecode.c.h; path = "NSObject+setValuesForKeysWithJSONDictionary.h"; sourceTree = "<group>"; };
		03108FF217D0FED40075F9D8 /* NSObject+setValuesForKeysWithJSONDictionary.m */ = {isa = PBXFileReference; fileEncoding = 4; lastKnownFileType = sourcecode.c.objc; path = "NSObject+setValuesForKeysWithJSONDictionary.m"; sourceTree = "<group>"; };
		03108FF417D0FF0C0075F9D8 /* PhotoBoxModel.h */ = {isa = PBXFileReference; fileEncoding = 4; lastKnownFileType = sourcecode.c.h; name = PhotoBoxModel.h; path = PhotoBox/Models/PhotoBoxModel.h; sourceTree = "<group>"; };
		03108FF517D0FF0C0075F9D8 /* PhotoBoxModel.m */ = {isa = PBXFileReference; fileEncoding = 4; lastKnownFileType = sourcecode.c.objc; name = PhotoBoxModel.m; path = PhotoBox/Models/PhotoBoxModel.m; sourceTree = "<group>"; };
		0310903917D103330075F9D8 /* PhotoBoxClient.h */ = {isa = PBXFileReference; fileEncoding = 4; lastKnownFileType = sourcecode.c.h; name = PhotoBoxClient.h; path = PhotoBox/Networking/PhotoBoxClient.h; sourceTree = "<group>"; };
		0310903A17D103330075F9D8 /* PhotoBoxClient.m */ = {isa = PBXFileReference; fileEncoding = 4; lastKnownFileType = sourcecode.c.objc; name = PhotoBoxClient.m; path = PhotoBox/Networking/PhotoBoxClient.m; sourceTree = "<group>"; };
		0310903C17D103780075F9D8 /* Constants.h */ = {isa = PBXFileReference; fileEncoding = 4; lastKnownFileType = sourcecode.c.h; path = Constants.h; sourceTree = "<group>"; };
		0310903D17D104460075F9D8 /* ConnectionManager.h */ = {isa = PBXFileReference; fileEncoding = 4; lastKnownFileType = sourcecode.c.h; name = ConnectionManager.h; path = PhotoBox/Networking/ConnectionManager.h; sourceTree = "<group>"; };
		0310903E17D104460075F9D8 /* ConnectionManager.m */ = {isa = PBXFileReference; fileEncoding = 4; lastKnownFileType = sourcecode.c.objc; name = ConnectionManager.m; path = PhotoBox/Networking/ConnectionManager.m; sourceTree = "<group>"; };
		0310904017D1ABED0075F9D8 /* Photo.h */ = {isa = PBXFileReference; fileEncoding = 4; lastKnownFileType = sourcecode.c.h; name = Photo.h; path = PhotoBox/Models/Photo.h; sourceTree = "<group>"; };
		0310904117D1ABED0075F9D8 /* Photo.m */ = {isa = PBXFileReference; fileEncoding = 4; lastKnownFileType = sourcecode.c.objc; name = Photo.m; path = PhotoBox/Models/Photo.m; sourceTree = "<group>"; };
		0310904317D1B2840075F9D8 /* Tag.h */ = {isa = PBXFileReference; fileEncoding = 4; lastKnownFileType = sourcecode.c.h; name = Tag.h; path = PhotoBox/Models/Tag.h; sourceTree = "<group>"; };
		0310904417D1B2840075F9D8 /* Tag.m */ = {isa = PBXFileReference; fileEncoding = 4; lastKnownFileType = sourcecode.c.objc; name = Tag.m; path = PhotoBox/Models/Tag.m; sourceTree = "<group>"; };
		032CBB7A17D0BDF3001205B1 /* PhotoBox.app */ = {isa = PBXFileReference; explicitFileType = wrapper.application; includeInIndex = 0; path = PhotoBox.app; sourceTree = BUILT_PRODUCTS_DIR; };
		032CBB7D17D0BDF3001205B1 /* Foundation.framework */ = {isa = PBXFileReference; lastKnownFileType = wrapper.framework; name = Foundation.framework; path = System/Library/Frameworks/Foundation.framework; sourceTree = SDKROOT; };
		032CBB7F17D0BDF3001205B1 /* CoreGraphics.framework */ = {isa = PBXFileReference; lastKnownFileType = wrapper.framework; name = CoreGraphics.framework; path = System/Library/Frameworks/CoreGraphics.framework; sourceTree = SDKROOT; };
		032CBB8117D0BDF3001205B1 /* UIKit.framework */ = {isa = PBXFileReference; lastKnownFileType = wrapper.framework; name = UIKit.framework; path = System/Library/Frameworks/UIKit.framework; sourceTree = SDKROOT; };
		032CBB8517D0BDF3001205B1 /* PhotoBox-Info.plist */ = {isa = PBXFileReference; lastKnownFileType = text.plist.xml; path = "PhotoBox-Info.plist"; sourceTree = "<group>"; };
		032CBB8717D0BDF3001205B1 /* en */ = {isa = PBXFileReference; lastKnownFileType = text.plist.strings; name = en; path = en.lproj/InfoPlist.strings; sourceTree = "<group>"; };
		032CBB8917D0BDF3001205B1 /* main.m */ = {isa = PBXFileReference; lastKnownFileType = sourcecode.c.objc; path = main.m; sourceTree = "<group>"; };
		032CBB8B17D0BDF3001205B1 /* PhotoBox-Prefix.pch */ = {isa = PBXFileReference; lastKnownFileType = sourcecode.c.h; path = "PhotoBox-Prefix.pch"; sourceTree = "<group>"; };
		032CBB8C17D0BDF3001205B1 /* AppDelegate.h */ = {isa = PBXFileReference; lastKnownFileType = sourcecode.c.h; path = AppDelegate.h; sourceTree = "<group>"; };
		032CBB8D17D0BDF3001205B1 /* AppDelegate.m */ = {isa = PBXFileReference; lastKnownFileType = sourcecode.c.objc; path = AppDelegate.m; sourceTree = "<group>"; };
		032CBB9017D0BDF3001205B1 /* Base */ = {isa = PBXFileReference; lastKnownFileType = file.storyboard; name = Base; path = Base.lproj/Main.storyboard; sourceTree = "<group>"; };
		032CBB9517D0BDF3001205B1 /* Images.xcassets */ = {isa = PBXFileReference; lastKnownFileType = folder.assetcatalog; path = Images.xcassets; sourceTree = "<group>"; };
		032CBB9B17D0BDF3001205B1 /* PhotoBoxTests.xctest */ = {isa = PBXFileReference; explicitFileType = wrapper.cfbundle; includeInIndex = 0; path = PhotoBoxTests.xctest; sourceTree = BUILT_PRODUCTS_DIR; };
		032CBB9C17D0BDF3001205B1 /* XCTest.framework */ = {isa = PBXFileReference; lastKnownFileType = wrapper.framework; name = XCTest.framework; path = Library/Frameworks/XCTest.framework; sourceTree = DEVELOPER_DIR; };
		032CBBA417D0BDF3001205B1 /* PhotoBoxTests-Info.plist */ = {isa = PBXFileReference; lastKnownFileType = text.plist.xml; path = "PhotoBoxTests-Info.plist"; sourceTree = "<group>"; };
		032CBBA617D0BDF3001205B1 /* en */ = {isa = PBXFileReference; lastKnownFileType = text.plist.strings; name = en; path = en.lproj/InfoPlist.strings; sourceTree = "<group>"; };
		0337523F17D3842B00928409 /* PhotoBoxImageView.h */ = {isa = PBXFileReference; fileEncoding = 4; lastKnownFileType = sourcecode.c.h; name = PhotoBoxImageView.h; path = PhotoBox/Views/PhotoBoxImageView.h; sourceTree = "<group>"; };
		0337524017D3842B00928409 /* PhotoBoxImageView.m */ = {isa = PBXFileReference; fileEncoding = 4; lastKnownFileType = sourcecode.c.objc; name = PhotoBoxImageView.m; path = PhotoBox/Views/PhotoBoxImageView.m; sourceTree = "<group>"; };
		0337524217D389B200928409 /* NPRImageView+Additionals.h */ = {isa = PBXFileReference; fileEncoding = 4; lastKnownFileType = sourcecode.c.h; path = "NPRImageView+Additionals.h"; sourceTree = "<group>"; };
		0337524317D389B200928409 /* NPRImageView+Additionals.m */ = {isa = PBXFileReference; fileEncoding = 4; lastKnownFileType = sourcecode.c.objc; path = "NPRImageView+Additionals.m"; sourceTree = "<group>"; };
		0337524517D3953100928409 /* OpenInActivity.h */ = {isa = PBXFileReference; fileEncoding = 4; lastKnownFileType = sourcecode.c.h; name = OpenInActivity.h; path = PhotoBox/Others/OpenInActivity.h; sourceTree = "<group>"; };
		0337524617D3953100928409 /* OpenInActivity.m */ = {isa = PBXFileReference; fileEncoding = 4; lastKnownFileType = sourcecode.c.objc; name = OpenInActivity.m; path = PhotoBox/Others/OpenInActivity.m; sourceTree = "<group>"; };
		0358467217D1BC1D00E196D7 /* PhotoBoxViewController.h */ = {isa = PBXFileReference; fileEncoding = 4; lastKnownFileType = sourcecode.c.h; name = PhotoBoxViewController.h; path = PhotoBox/Controllers/PhotoBoxViewController.h; sourceTree = "<group>"; };
		0358467317D1BC1D00E196D7 /* PhotoBoxViewController.m */ = {isa = PBXFileReference; fileEncoding = 4; lastKnownFileType = sourcecode.c.objc; name = PhotoBoxViewController.m; path = PhotoBox/Controllers/PhotoBoxViewController.m; sourceTree = "<group>"; };
		0358467517D1BC3D00E196D7 /* TagsViewController.h */ = {isa = PBXFileReference; fileEncoding = 4; lastKnownFileType = sourcecode.c.h; name = TagsViewController.h; path = PhotoBox/Controllers/TagsViewController.h; sourceTree = "<group>"; };
		0358467617D1BC3D00E196D7 /* TagsViewController.m */ = {isa = PBXFileReference; fileEncoding = 4; lastKnownFileType = sourcecode.c.objc; name = TagsViewController.m; path = PhotoBox/Controllers/TagsViewController.m; sourceTree = "<group>"; };
		0358467817D1BCC000E196D7 /* AlbumsViewController.h */ = {isa = PBXFileReference; fileEncoding = 4; lastKnownFileType = sourcecode.c.h; name = AlbumsViewController.h; path = PhotoBox/Controllers/AlbumsViewController.h; sourceTree = "<group>"; };
		0358467917D1BCC000E196D7 /* AlbumsViewController.m */ = {isa = PBXFileReference; fileEncoding = 4; lastKnownFileType = sourcecode.c.objc; name = AlbumsViewController.m; path = PhotoBox/Controllers/AlbumsViewController.m; sourceTree = "<group>"; };
		0358468117D1C0E800E196D7 /* CollectionViewDataSource.h */ = {isa = PBXFileReference; fileEncoding = 4; lastKnownFileType = sourcecode.c.h; path = CollectionViewDataSource.h; sourceTree = "<group>"; };
		0358468217D1C0E800E196D7 /* CollectionViewDataSource.m */ = {isa = PBXFileReference; fileEncoding = 4; lastKnownFileType = sourcecode.c.objc; path = CollectionViewDataSource.m; sourceTree = "<group>"; };
		0358468517D1C19A00E196D7 /* PhotoBoxCell.h */ = {isa = PBXFileReference; fileEncoding = 4; lastKnownFileType = sourcecode.c.h; name = PhotoBoxCell.h; path = PhotoBox/Cells/PhotoBoxCell.h; sourceTree = "<group>"; };
		0358468617D1C19A00E196D7 /* PhotoBoxCell.m */ = {isa = PBXFileReference; fileEncoding = 4; lastKnownFileType = sourcecode.c.objc; name = PhotoBoxCell.m; path = PhotoBox/Cells/PhotoBoxCell.m; sourceTree = "<group>"; };
		0358468817D1C1B100E196D7 /* AlbumCell.h */ = {isa = PBXFileReference; fileEncoding = 4; lastKnownFileType = sourcecode.c.h; name = AlbumCell.h; path = PhotoBox/Cells/AlbumCell.h; sourceTree = "<group>"; };
		0358468917D1C1B100E196D7 /* AlbumCell.m */ = {isa = PBXFileReference; fileEncoding = 4; lastKnownFileType = sourcecode.c.objc; name = AlbumCell.m; path = PhotoBox/Cells/AlbumCell.m; sourceTree = "<group>"; };
		0358468B17D1CD1300E196D7 /* Reveal.framework */ = {isa = PBXFileReference; lastKnownFileType = wrapper.framework; path = Reveal.framework; sourceTree = "<group>"; };
		0358468C17D1CD2500E196D7 /* CFNetwork.framework */ = {isa = PBXFileReference; lastKnownFileType = wrapper.framework; name = CFNetwork.framework; path = System/Library/Frameworks/CFNetwork.framework; sourceTree = SDKROOT; };
		0358468E17D1CD2A00E196D7 /* QuartzCore.framework */ = {isa = PBXFileReference; lastKnownFileType = wrapper.framework; name = QuartzCore.framework; path = System/Library/Frameworks/QuartzCore.framework; sourceTree = SDKROOT; };
		0358469617D1D42700E196D7 /* UIViewController+Additionals.h */ = {isa = PBXFileReference; fileEncoding = 4; lastKnownFileType = sourcecode.c.h; path = "UIViewController+Additionals.h"; sourceTree = "<group>"; };
		0358469717D1D42700E196D7 /* UIViewController+Additionals.m */ = {isa = PBXFileReference; fileEncoding = 4; lastKnownFileType = sourcecode.c.objc; path = "UIViewController+Additionals.m"; sourceTree = "<group>"; };
		0358469917D1D72000E196D7 /* UIScrollView+Additionals.h */ = {isa = PBXFileReference; fileEncoding = 4; lastKnownFileType = sourcecode.c.h; path = "UIScrollView+Additionals.h"; sourceTree = "<group>"; };
		0358469A17D1D72000E196D7 /* UIScrollView+Additionals.m */ = {isa = PBXFileReference; fileEncoding = 4; lastKnownFileType = sourcecode.c.objc; path = "UIScrollView+Additionals.m"; sourceTree = "<group>"; };
		035846A017D1F91000E196D7 /* AlbumTitleView.h */ = {isa = PBXFileReference; fileEncoding = 4; lastKnownFileType = sourcecode.c.h; name = AlbumTitleView.h; path = PhotoBox/Views/AlbumTitleView.h; sourceTree = "<group>"; };
		035846A117D1F91000E196D7 /* AlbumTitleView.m */ = {isa = PBXFileReference; fileEncoding = 4; lastKnownFileType = sourcecode.c.objc; name = AlbumTitleView.m; path = PhotoBox/Views/AlbumTitleView.m; sourceTree = "<group>"; };
		035846A617D2021100E196D7 /* PhotosViewController.h */ = {isa = PBXFileReference; fileEncoding = 4; lastKnownFileType = sourcecode.c.h; name = PhotosViewController.h; path = PhotoBox/Controllers/PhotosViewController.h; sourceTree = "<group>"; };
		035846A717D2021100E196D7 /* PhotosViewController.m */ = {isa = PBXFileReference; fileEncoding = 4; lastKnownFileType = sourcecode.c.objc; name = PhotosViewController.m; path = PhotoBox/Controllers/PhotosViewController.m; sourceTree = "<group>"; };
		035846A917D20B8100E196D7 /* PhotoCell.h */ = {isa = PBXFileReference; fileEncoding = 4; lastKnownFileType = sourcecode.c.h; name = PhotoCell.h; path = PhotoBox/Cells/PhotoCell.h; sourceTree = "<group>"; };
		035846AA17D20B8100E196D7 /* PhotoCell.m */ = {isa = PBXFileReference; fileEncoding = 4; lastKnownFileType = sourcecode.c.objc; name = PhotoCell.m; path = PhotoBox/Cells/PhotoCell.m; sourceTree = "<group>"; };
		035846AC17D22D4400E196D7 /* PhotosViewControllerDataSource.h */ = {isa = PBXFileReference; fileEncoding = 4; lastKnownFileType = sourcecode.c.h; path = PhotosViewControllerDataSource.h; sourceTree = "<group>"; };
		035846AD17D22D4400E196D7 /* PhotosViewControllerDataSource.m */ = {isa = PBXFileReference; fileEncoding = 4; lastKnownFileType = sourcecode.c.objc; path = PhotosViewControllerDataSource.m; sourceTree = "<group>"; };
		035846AF17D2312500E196D7 /* NSArray+Additionals.h */ = {isa = PBXFileReference; fileEncoding = 4; lastKnownFileType = sourcecode.c.h; path = "NSArray+Additionals.h"; sourceTree = "<group>"; };
		035846B017D2312500E196D7 /* NSArray+Additionals.m */ = {isa = PBXFileReference; fileEncoding = 4; lastKnownFileType = sourcecode.c.objc; path = "NSArray+Additionals.m"; sourceTree = "<group>"; };
		035846B217D2339200E196D7 /* NSArray+AdditionalTests.m */ = {isa = PBXFileReference; fileEncoding = 4; lastKnownFileType = sourcecode.c.objc; path = "NSArray+AdditionalTests.m"; sourceTree = "<group>"; };
		035846B517D23FB800E196D7 /* StickyHeaderFlowLayout.h */ = {isa = PBXFileReference; fileEncoding = 4; lastKnownFileType = sourcecode.c.h; name = StickyHeaderFlowLayout.h; path = PhotoBox/Controllers/Layout/StickyHeaderFlowLayout.h; sourceTree = "<group>"; };
		035846B617D23FB800E196D7 /* StickyHeaderFlowLayout.m */ = {isa = PBXFileReference; fileEncoding = 4; lastKnownFileType = sourcecode.c.objc; name = StickyHeaderFlowLayout.m; path = PhotoBox/Controllers/Layout/StickyHeaderFlowLayout.m; sourceTree = "<group>"; };
		035846B817D2403500E196D7 /* PhotosSectionHeaderView.h */ = {isa = PBXFileReference; fileEncoding = 4; lastKnownFileType = sourcecode.c.h; name = PhotosSectionHeaderView.h; path = PhotoBox/Cells/PhotosSectionHeaderView.h; sourceTree = "<group>"; };
		035846B917D2403500E196D7 /* PhotosSectionHeaderView.m */ = {isa = PBXFileReference; fileEncoding = 4; lastKnownFileType = sourcecode.c.objc; name = PhotosSectionHeaderView.m; path = PhotoBox/Cells/PhotosSectionHeaderView.m; sourceTree = "<group>"; };
		035846BE17D255A600E196D7 /* PhotosHorizontalScrollingViewController.h */ = {isa = PBXFileReference; fileEncoding = 4; lastKnownFileType = sourcecode.c.h; name = PhotosHorizontalScrollingViewController.h; path = PhotoBox/Controllers/PhotosHorizontalScrollingViewController.h; sourceTree = "<group>"; };
		035846BF17D255A600E196D7 /* PhotosHorizontalScrollingViewController.m */ = {isa = PBXFileReference; fileEncoding = 4; lastKnownFileType = sourcecode.c.objc; name = PhotosHorizontalScrollingViewController.m; path = PhotoBox/Controllers/PhotosHorizontalScrollingViewController.m; sourceTree = "<group>"; };
		035846C117D2598600E196D7 /* PhotoZoomableCell.h */ = {isa = PBXFileReference; fileEncoding = 4; lastKnownFileType = sourcecode.c.h; name = PhotoZoomableCell.h; path = PhotoBox/Cells/PhotoZoomableCell.h; sourceTree = "<group>"; };
		035846C217D2598600E196D7 /* PhotoZoomableCell.m */ = {isa = PBXFileReference; fileEncoding = 4; lastKnownFileType = sourcecode.c.objc; name = PhotoZoomableCell.m; path = PhotoBox/Cells/PhotoZoomableCell.m; sourceTree = "<group>"; };
		035846CA17D348DB00E196D7 /* PhotoBoxNavigationControllerDelegate.h */ = {isa = PBXFileReference; fileEncoding = 4; lastKnownFileType = sourcecode.c.h; name = PhotoBoxNavigationControllerDelegate.h; path = PhotoBox/Controllers/Delegates/PhotoBoxNavigationControllerDelegate.h; sourceTree = "<group>"; };
		035846CB17D348DB00E196D7 /* PhotoBoxNavigationControllerDelegate.m */ = {isa = PBXFileReference; fileEncoding = 4; lastKnownFileType = sourcecode.c.objc; name = PhotoBoxNavigationControllerDelegate.m; path = PhotoBox/Controllers/Delegates/PhotoBoxNavigationControllerDelegate.m; sourceTree = "<group>"; };
		035846CD17D34A0D00E196D7 /* ShowFullScreenPhotosAnimatedTransitioning.h */ = {isa = PBXFileReference; fileEncoding = 4; lastKnownFileType = sourcecode.c.h; name = ShowFullScreenPhotosAnimatedTransitioning.h; path = PhotoBox/Controllers/Delegates/ShowFullScreenPhotosAnimatedTransitioning.h; sourceTree = "<group>"; };
		035846CE17D34A0D00E196D7 /* ShowFullScreenPhotosAnimatedTransitioning.m */ = {isa = PBXFileReference; fileEncoding = 4; lastKnownFileType = sourcecode.c.objc; name = ShowFullScreenPhotosAnimatedTransitioning.m; path = PhotoBox/Controllers/Delegates/ShowFullScreenPhotosAnimatedTransitioning.m; sourceTree = "<group>"; };
		035846D017D34C4800E196D7 /* PhotosViewControllerTest.m */ = {isa = PBXFileReference; fileEncoding = 4; lastKnownFileType = sourcecode.c.objc; path = PhotosViewControllerTest.m; sourceTree = "<group>"; };
		035846D717D364FE00E196D7 /* UIView+Additionals.h */ = {isa = PBXFileReference; fileEncoding = 4; lastKnownFileType = sourcecode.c.h; path = "UIView+Additionals.h"; sourceTree = "<group>"; };
		035846D817D364FE00E196D7 /* UIView+Additionals.m */ = {isa = PBXFileReference; fileEncoding = 4; lastKnownFileType = sourcecode.c.objc; path = "UIView+Additionals.m"; sourceTree = "<group>"; };
		2D8562143BB5431496ECF57D /* Pods.xcconfig */ = {isa = PBXFileReference; includeInIndex = 1; lastKnownFileType = text.xcconfig; name = Pods.xcconfig; path = Pods/Pods.xcconfig; sourceTree = SOURCE_ROOT; };
		7886DE63DB6640C196C77B87 /* Pods-PhotoBoxTests.xcconfig */ = {isa = PBXFileReference; includeInIndex = 1; lastKnownFileType = text.xcconfig; name = "Pods-PhotoBoxTests.xcconfig"; path = "Pods/Pods-PhotoBoxTests.xcconfig"; sourceTree = SOURCE_ROOT; };
		A1726016635D4784B088DF1D /* libPods-PhotoBoxTests.a */ = {isa = PBXFileReference; explicitFileType = archive.ar; includeInIndex = 0; path = "libPods-PhotoBoxTests.a"; sourceTree = BUILT_PRODUCTS_DIR; };
		A1D8E459750D4D6DBD1D4F59 /* libPods.a */ = {isa = PBXFileReference; explicitFileType = archive.ar; includeInIndex = 0; path = libPods.a; sourceTree = BUILT_PRODUCTS_DIR; };
/* End PBXFileReference section */

/* Begin PBXFrameworksBuildPhase section */
		032CBB7717D0BDF3001205B1 /* Frameworks */ = {
			isa = PBXFrameworksBuildPhase;
			buildActionMask = 2147483647;
			files = (
				0358468F17D1CD2A00E196D7 /* QuartzCore.framework in Frameworks */,
				0358468D17D1CD2500E196D7 /* CFNetwork.framework in Frameworks */,
				032CBB8017D0BDF3001205B1 /* CoreGraphics.framework in Frameworks */,
				032CBB8217D0BDF3001205B1 /* UIKit.framework in Frameworks */,
				032CBB7E17D0BDF3001205B1 /* Foundation.framework in Frameworks */,
				0358469017D1CDAE00E196D7 /* Reveal.framework in Frameworks */,
				32CCCA973319465F8B41F5A2 /* libPods.a in Frameworks */,
			);
			runOnlyForDeploymentPostprocessing = 0;
		};
		032CBB9817D0BDF3001205B1 /* Frameworks */ = {
			isa = PBXFrameworksBuildPhase;
			buildActionMask = 2147483647;
			files = (
				032CBB9D17D0BDF3001205B1 /* XCTest.framework in Frameworks */,
				032CBB9F17D0BDF3001205B1 /* UIKit.framework in Frameworks */,
				032CBB9E17D0BDF3001205B1 /* Foundation.framework in Frameworks */,
				1818FAB4C308444482F39014 /* libPods-PhotoBoxTests.a in Frameworks */,
			);
			runOnlyForDeploymentPostprocessing = 0;
		};
/* End PBXFrameworksBuildPhase section */

/* Begin PBXGroup section */
		03108FDB17D0F3FA0075F9D8 /* External */ = {
			isa = PBXGroup;
			children = (
			);
			path = External;
			sourceTree = "<group>";
		};
		03108FE717D0FE130075F9D8 /* Models */ = {
			isa = PBXGroup;
			children = (
				03108FE817D0FE3A0075F9D8 /* Album.h */,
				03108FE917D0FE3A0075F9D8 /* Album.m */,
				03108FF417D0FF0C0075F9D8 /* PhotoBoxModel.h */,
				03108FF517D0FF0C0075F9D8 /* PhotoBoxModel.m */,
				0310904017D1ABED0075F9D8 /* Photo.h */,
				0310904117D1ABED0075F9D8 /* Photo.m */,
				0310904317D1B2840075F9D8 /* Tag.h */,
				0310904417D1B2840075F9D8 /* Tag.m */,
			);
			name = Models;
			sourceTree = "<group>";
		};
		03108FF017D0FED40075F9D8 /* Categories */ = {
			isa = PBXGroup;
			children = (
				0358469917D1D72000E196D7 /* UIScrollView+Additionals.h */,
				0358469A17D1D72000E196D7 /* UIScrollView+Additionals.m */,
				03108FF117D0FED40075F9D8 /* NSObject+setValuesForKeysWithJSONDictionary.h */,
				03108FF217D0FED40075F9D8 /* NSObject+setValuesForKeysWithJSONDictionary.m */,
				0358469617D1D42700E196D7 /* UIViewController+Additionals.h */,
				0358469717D1D42700E196D7 /* UIViewController+Additionals.m */,
				035846AF17D2312500E196D7 /* NSArray+Additionals.h */,
				035846B017D2312500E196D7 /* NSArray+Additionals.m */,
				035846D717D364FE00E196D7 /* UIView+Additionals.h */,
				035846D817D364FE00E196D7 /* UIView+Additionals.m */,
				0337524217D389B200928409 /* NPRImageView+Additionals.h */,
				0337524317D389B200928409 /* NPRImageView+Additionals.m */,
			);
			name = Categories;
			path = PhotoBox/Categories;
			sourceTree = "<group>";
		};
		0310903817D1031A0075F9D8 /* Networking */ = {
			isa = PBXGroup;
			children = (
				0310903917D103330075F9D8 /* PhotoBoxClient.h */,
				0310903A17D103330075F9D8 /* PhotoBoxClient.m */,
				0310903D17D104460075F9D8 /* ConnectionManager.h */,
				0310903E17D104460075F9D8 /* ConnectionManager.m */,
			);
			name = Networking;
			sourceTree = "<group>";
		};
		032CBB7117D0BDF3001205B1 = {
			isa = PBXGroup;
			children = (
				0337523B17D382D200928409 /* Others */,
				0358469F17D1F8F100E196D7 /* Views */,
				0358468417D1C17000E196D7 /* Cells */,
				0358467117D1BBE400E196D7 /* Controllers */,
				0310903817D1031A0075F9D8 /* Networking */,
				03108FF017D0FED40075F9D8 /* Categories */,
				03108FE717D0FE130075F9D8 /* Models */,
				03108FDB17D0F3FA0075F9D8 /* External */,
				032CBB8317D0BDF3001205B1 /* PhotoBox */,
				032CBBA217D0BDF3001205B1 /* PhotoBoxTests */,
				032CBB7C17D0BDF3001205B1 /* Frameworks */,
				032CBB7B17D0BDF3001205B1 /* Products */,
				2D8562143BB5431496ECF57D /* Pods.xcconfig */,
				7886DE63DB6640C196C77B87 /* Pods-PhotoBoxTests.xcconfig */,
			);
			sourceTree = "<group>";
		};
		032CBB7B17D0BDF3001205B1 /* Products */ = {
			isa = PBXGroup;
			children = (
				032CBB7A17D0BDF3001205B1 /* PhotoBox.app */,
				032CBB9B17D0BDF3001205B1 /* PhotoBoxTests.xctest */,
			);
			name = Products;
			sourceTree = "<group>";
		};
		032CBB7C17D0BDF3001205B1 /* Frameworks */ = {
			isa = PBXGroup;
			children = (
				0358468E17D1CD2A00E196D7 /* QuartzCore.framework */,
				0358468C17D1CD2500E196D7 /* CFNetwork.framework */,
				0358468B17D1CD1300E196D7 /* Reveal.framework */,
				032CBB7D17D0BDF3001205B1 /* Foundation.framework */,
				032CBB7F17D0BDF3001205B1 /* CoreGraphics.framework */,
				032CBB8117D0BDF3001205B1 /* UIKit.framework */,
				032CBB9C17D0BDF3001205B1 /* XCTest.framework */,
				A1D8E459750D4D6DBD1D4F59 /* libPods.a */,
				A1726016635D4784B088DF1D /* libPods-PhotoBoxTests.a */,
			);
			name = Frameworks;
			sourceTree = "<group>";
		};
		032CBB8317D0BDF3001205B1 /* PhotoBox */ = {
			isa = PBXGroup;
			children = (
				032CBB8C17D0BDF3001205B1 /* AppDelegate.h */,
				032CBB8D17D0BDF3001205B1 /* AppDelegate.m */,
				032CBB8F17D0BDF3001205B1 /* Main.storyboard */,
				032CBB9517D0BDF3001205B1 /* Images.xcassets */,
				032CBB8417D0BDF3001205B1 /* Supporting Files */,
			);
			path = PhotoBox;
			sourceTree = "<group>";
		};
		032CBB8417D0BDF3001205B1 /* Supporting Files */ = {
			isa = PBXGroup;
			children = (
				032CBB8517D0BDF3001205B1 /* PhotoBox-Info.plist */,
				032CBB8617D0BDF3001205B1 /* InfoPlist.strings */,
				032CBB8917D0BDF3001205B1 /* main.m */,
				032CBB8B17D0BDF3001205B1 /* PhotoBox-Prefix.pch */,
				0310903C17D103780075F9D8 /* Constants.h */,
			);
			name = "Supporting Files";
			sourceTree = "<group>";
		};
		032CBBA217D0BDF3001205B1 /* PhotoBoxTests */ = {
			isa = PBXGroup;
			children = (
				032CBBA317D0BDF3001205B1 /* Supporting Files */,
				035846B217D2339200E196D7 /* NSArray+AdditionalTests.m */,
				035846D017D34C4800E196D7 /* PhotosViewControllerTest.m */,
			);
			path = PhotoBoxTests;
			sourceTree = "<group>";
		};
		032CBBA317D0BDF3001205B1 /* Supporting Files */ = {
			isa = PBXGroup;
			children = (
				032CBBA417D0BDF3001205B1 /* PhotoBoxTests-Info.plist */,
				032CBBA517D0BDF3001205B1 /* InfoPlist.strings */,
			);
			name = "Supporting Files";
			sourceTree = "<group>";
		};
		0337523B17D382D200928409 /* Others */ = {
			isa = PBXGroup;
			children = (
				0337524517D3953100928409 /* OpenInActivity.h */,
				0337524617D3953100928409 /* OpenInActivity.m */,
			);
			name = Others;
			sourceTree = "<group>";
		};
		0358467117D1BBE400E196D7 /* Controllers */ = {
			isa = PBXGroup;
			children = (
				035846C617D3470A00E196D7 /* Transition */,
				035846B417D23F9700E196D7 /* Layout */,
				0358468017D1C0E800E196D7 /* DataSource */,
				0358467217D1BC1D00E196D7 /* PhotoBoxViewController.h */,
				0358467317D1BC1D00E196D7 /* PhotoBoxViewController.m */,
				0358467517D1BC3D00E196D7 /* TagsViewController.h */,
				0358467617D1BC3D00E196D7 /* TagsViewController.m */,
				0358467817D1BCC000E196D7 /* AlbumsViewController.h */,
				0358467917D1BCC000E196D7 /* AlbumsViewController.m */,
				035846A617D2021100E196D7 /* PhotosViewController.h */,
				035846A717D2021100E196D7 /* PhotosViewController.m */,
				035846BE17D255A600E196D7 /* PhotosHorizontalScrollingViewController.h */,
				035846BF17D255A600E196D7 /* PhotosHorizontalScrollingViewController.m */,
			);
			name = Controllers;
			sourceTree = "<group>";
		};
		0358468017D1C0E800E196D7 /* DataSource */ = {
			isa = PBXGroup;
			children = (
				0358468117D1C0E800E196D7 /* CollectionViewDataSource.h */,
				0358468217D1C0E800E196D7 /* CollectionViewDataSource.m */,
				035846AC17D22D4400E196D7 /* PhotosViewControllerDataSource.h */,
				035846AD17D22D4400E196D7 /* PhotosViewControllerDataSource.m */,
			);
			name = DataSource;
			path = PhotoBox/Controllers/DataSource;
			sourceTree = "<group>";
		};
		0358468417D1C17000E196D7 /* Cells */ = {
			isa = PBXGroup;
			children = (
				0358468517D1C19A00E196D7 /* PhotoBoxCell.h */,
				0358468617D1C19A00E196D7 /* PhotoBoxCell.m */,
				0358468817D1C1B100E196D7 /* AlbumCell.h */,
				0358468917D1C1B100E196D7 /* AlbumCell.m */,
				035846A917D20B8100E196D7 /* PhotoCell.h */,
				035846AA17D20B8100E196D7 /* PhotoCell.m */,
				035846B817D2403500E196D7 /* PhotosSectionHeaderView.h */,
				035846B917D2403500E196D7 /* PhotosSectionHeaderView.m */,
				035846C117D2598600E196D7 /* PhotoZoomableCell.h */,
				035846C217D2598600E196D7 /* PhotoZoomableCell.m */,
			);
			name = Cells;
			sourceTree = "<group>";
		};
		0358469F17D1F8F100E196D7 /* Views */ = {
			isa = PBXGroup;
			children = (
				035846A017D1F91000E196D7 /* AlbumTitleView.h */,
				035846A117D1F91000E196D7 /* AlbumTitleView.m */,
				0337523F17D3842B00928409 /* PhotoBoxImageView.h */,
				0337524017D3842B00928409 /* PhotoBoxImageView.m */,
			);
			name = Views;
			sourceTree = "<group>";
		};
		035846B417D23F9700E196D7 /* Layout */ = {
			isa = PBXGroup;
			children = (
				035846B517D23FB800E196D7 /* StickyHeaderFlowLayout.h */,
				035846B617D23FB800E196D7 /* StickyHeaderFlowLayout.m */,
			);
			name = Layout;
			sourceTree = "<group>";
		};
		035846C617D3470A00E196D7 /* Transition */ = {
			isa = PBXGroup;
			children = (
				035846CA17D348DB00E196D7 /* PhotoBoxNavigationControllerDelegate.h */,
				035846CB17D348DB00E196D7 /* PhotoBoxNavigationControllerDelegate.m */,
				035846CD17D34A0D00E196D7 /* ShowFullScreenPhotosAnimatedTransitioning.h */,
				035846CE17D34A0D00E196D7 /* ShowFullScreenPhotosAnimatedTransitioning.m */,
			);
			name = Transition;
			sourceTree = "<group>";
		};
/* End PBXGroup section */

/* Begin PBXNativeTarget section */
		032CBB7917D0BDF3001205B1 /* PhotoBox */ = {
			isa = PBXNativeTarget;
			buildConfigurationList = 032CBBAC17D0BDF3001205B1 /* Build configuration list for PBXNativeTarget "PhotoBox" */;
			buildPhases = (
				5C130350325A429EBCF29C6C /* Check Pods Manifest.lock */,
				032CBB7617D0BDF3001205B1 /* Sources */,
				032CBB7717D0BDF3001205B1 /* Frameworks */,
				032CBB7817D0BDF3001205B1 /* Resources */,
				A426A20BBE3148799A8BAA5E /* Copy Pods Resources */,
			);
			buildRules = (
			);
			dependencies = (
			);
			name = PhotoBox;
			productName = PhotoBox;
			productReference = 032CBB7A17D0BDF3001205B1 /* PhotoBox.app */;
			productType = "com.apple.product-type.application";
		};
		032CBB9A17D0BDF3001205B1 /* PhotoBoxTests */ = {
			isa = PBXNativeTarget;
			buildConfigurationList = 032CBBAF17D0BDF3001205B1 /* Build configuration list for PBXNativeTarget "PhotoBoxTests" */;
			buildPhases = (
				1220ACDE87AF4F8CAB118BAF /* Check Pods Manifest.lock */,
				032CBB9717D0BDF3001205B1 /* Sources */,
				032CBB9817D0BDF3001205B1 /* Frameworks */,
				032CBB9917D0BDF3001205B1 /* Resources */,
				5EBC4A64AF074ED38D3177E6 /* Copy Pods Resources */,
			);
			buildRules = (
			);
			dependencies = (
				032CBBA117D0BDF3001205B1 /* PBXTargetDependency */,
			);
			name = PhotoBoxTests;
			productName = PhotoBoxTests;
			productReference = 032CBB9B17D0BDF3001205B1 /* PhotoBoxTests.xctest */;
			productType = "com.apple.product-type.bundle.unit-test";
		};
/* End PBXNativeTarget section */

/* Begin PBXProject section */
		032CBB7217D0BDF3001205B1 /* Project object */ = {
			isa = PBXProject;
			attributes = {
				LastUpgradeCheck = 0500;
				ORGANIZATIONNAME = Touches;
				TargetAttributes = {
					032CBB9A17D0BDF3001205B1 = {
						TestTargetID = 032CBB7917D0BDF3001205B1;
					};
				};
			};
			buildConfigurationList = 032CBB7517D0BDF3001205B1 /* Build configuration list for PBXProject "PhotoBox" */;
			compatibilityVersion = "Xcode 3.2";
			developmentRegion = English;
			hasScannedForEncodings = 0;
			knownRegions = (
				en,
				Base,
			);
			mainGroup = 032CBB7117D0BDF3001205B1;
			productRefGroup = 032CBB7B17D0BDF3001205B1 /* Products */;
			projectDirPath = "";
			projectRoot = "";
			targets = (
				032CBB7917D0BDF3001205B1 /* PhotoBox */,
				032CBB9A17D0BDF3001205B1 /* PhotoBoxTests */,
			);
		};
/* End PBXProject section */

/* Begin PBXResourcesBuildPhase section */
		032CBB7817D0BDF3001205B1 /* Resources */ = {
			isa = PBXResourcesBuildPhase;
			buildActionMask = 2147483647;
			files = (
				032CBB9617D0BDF3001205B1 /* Images.xcassets in Resources */,
				032CBB8817D0BDF3001205B1 /* InfoPlist.strings in Resources */,
				032CBB9117D0BDF3001205B1 /* Main.storyboard in Resources */,
			);
			runOnlyForDeploymentPostprocessing = 0;
		};
		032CBB9917D0BDF3001205B1 /* Resources */ = {
			isa = PBXResourcesBuildPhase;
			buildActionMask = 2147483647;
			files = (
				032CBBA717D0BDF3001205B1 /* InfoPlist.strings in Resources */,
			);
			runOnlyForDeploymentPostprocessing = 0;
		};
/* End PBXResourcesBuildPhase section */

/* Begin PBXShellScriptBuildPhase section */
		1220ACDE87AF4F8CAB118BAF /* Check Pods Manifest.lock */ = {
			isa = PBXShellScriptBuildPhase;
			buildActionMask = 2147483647;
			files = (
			);
			inputPaths = (
			);
			name = "Check Pods Manifest.lock";
			outputPaths = (
			);
			runOnlyForDeploymentPostprocessing = 0;
			shellPath = /bin/sh;
			shellScript = "diff \"${PODS_ROOT}/../Podfile.lock\" \"${PODS_ROOT}/Manifest.lock\" > /dev/null\nif [[ $? != 0 ]] ; then\n    cat << EOM\nerror: The sandbox is not in sync with the Podfile.lock. Run 'pod install' or update your CocoaPods installation.\nEOM\n    exit 1\nfi\n";
			showEnvVarsInLog = 0;
		};
		5C130350325A429EBCF29C6C /* Check Pods Manifest.lock */ = {
			isa = PBXShellScriptBuildPhase;
			buildActionMask = 2147483647;
			files = (
			);
			inputPaths = (
			);
			name = "Check Pods Manifest.lock";
			outputPaths = (
			);
			runOnlyForDeploymentPostprocessing = 0;
			shellPath = /bin/sh;
			shellScript = "diff \"${PODS_ROOT}/../Podfile.lock\" \"${PODS_ROOT}/Manifest.lock\" > /dev/null\nif [[ $? != 0 ]] ; then\n    cat << EOM\nerror: The sandbox is not in sync with the Podfile.lock. Run 'pod install' or update your CocoaPods installation.\nEOM\n    exit 1\nfi\n";
			showEnvVarsInLog = 0;
		};
		5EBC4A64AF074ED38D3177E6 /* Copy Pods Resources */ = {
			isa = PBXShellScriptBuildPhase;
			buildActionMask = 2147483647;
			files = (
			);
			inputPaths = (
			);
			name = "Copy Pods Resources";
			outputPaths = (
			);
			runOnlyForDeploymentPostprocessing = 0;
			shellPath = /bin/sh;
			shellScript = "\"${SRCROOT}/Pods/Pods-PhotoBoxTests-resources.sh\"\n";
			showEnvVarsInLog = 0;
		};
		A426A20BBE3148799A8BAA5E /* Copy Pods Resources */ = {
			isa = PBXShellScriptBuildPhase;
			buildActionMask = 2147483647;
			files = (
			);
			inputPaths = (
			);
			name = "Copy Pods Resources";
			outputPaths = (
			);
			runOnlyForDeploymentPostprocessing = 0;
			shellPath = /bin/sh;
			shellScript = "\"${SRCROOT}/Pods/Pods-resources.sh\"\n";
			showEnvVarsInLog = 0;
		};
/* End PBXShellScriptBuildPhase section */

/* Begin PBXSourcesBuildPhase section */
		032CBB7617D0BDF3001205B1 /* Sources */ = {
			isa = PBXSourcesBuildPhase;
			buildActionMask = 2147483647;
			files = (
				035846AE17D22D4400E196D7 /* PhotosViewControllerDataSource.m in Sources */,
				0337524717D3953100928409 /* OpenInActivity.m in Sources */,
				035846B717D23FB800E196D7 /* StickyHeaderFlowLayout.m in Sources */,
				0337524117D3842B00928409 /* PhotoBoxImageView.m in Sources */,
				0358467417D1BC1D00E196D7 /* PhotoBoxViewController.m in Sources */,
				035846BA17D2403500E196D7 /* PhotosSectionHeaderView.m in Sources */,
				0358469B17D1D72000E196D7 /* UIScrollView+Additionals.m in Sources */,
				035846AB17D20B8100E196D7 /* PhotoCell.m in Sources */,
				0310903F17D104460075F9D8 /* ConnectionManager.m in Sources */,
				035846D917D364FE00E196D7 /* UIView+Additionals.m in Sources */,
				035846C017D255A600E196D7 /* PhotosHorizontalScrollingViewController.m in Sources */,
				035846B117D2312500E196D7 /* NSArray+Additionals.m in Sources */,
				032CBB8E17D0BDF3001205B1 /* AppDelegate.m in Sources */,
				0310904217D1ABED0075F9D8 /* Photo.m in Sources */,
				0358468717D1C19A00E196D7 /* PhotoBoxCell.m in Sources */,
				035846CC17D348DB00E196D7 /* PhotoBoxNavigationControllerDelegate.m in Sources */,
				0310904517D1B2840075F9D8 /* Tag.m in Sources */,
				0358468A17D1C1B100E196D7 /* AlbumCell.m in Sources */,
				035846CF17D34A0D00E196D7 /* ShowFullScreenPhotosAnimatedTransitioning.m in Sources */,
				03108FF617D0FF0C0075F9D8 /* PhotoBoxModel.m in Sources */,
				0358468317D1C0E800E196D7 /* CollectionViewDataSource.m in Sources */,
				032CBB8A17D0BDF3001205B1 /* main.m in Sources */,
				0310903B17D103330075F9D8 /* PhotoBoxClient.m in Sources */,
				035846A817D2021100E196D7 /* PhotosViewController.m in Sources */,
				035846A217D1F91000E196D7 /* AlbumTitleView.m in Sources */,
				0358467717D1BC3D00E196D7 /* TagsViewController.m in Sources */,
				0337524417D389B200928409 /* NPRImageView+Additionals.m in Sources */,
				03108FEA17D0FE3A0075F9D8 /* Album.m in Sources */,
				0358467A17D1BCC000E196D7 /* AlbumsViewController.m in Sources */,
				0358469817D1D42700E196D7 /* UIViewController+Additionals.m in Sources */,
				03108FF317D0FED40075F9D8 /* NSObject+setValuesForKeysWithJSONDictionary.m in Sources */,
				035846C317D2598600E196D7 /* PhotoZoomableCell.m in Sources */,
			);
			runOnlyForDeploymentPostprocessing = 0;
		};
		032CBB9717D0BDF3001205B1 /* Sources */ = {
			isa = PBXSourcesBuildPhase;
			buildActionMask = 2147483647;
			files = (
				035846B317D2339200E196D7 /* NSArray+AdditionalTests.m in Sources */,
				035846D117D34C4800E196D7 /* PhotosViewControllerTest.m in Sources */,
			);
			runOnlyForDeploymentPostprocessing = 0;
		};
/* End PBXSourcesBuildPhase section */

/* Begin PBXTargetDependency section */
		032CBBA117D0BDF3001205B1 /* PBXTargetDependency */ = {
			isa = PBXTargetDependency;
			target = 032CBB7917D0BDF3001205B1 /* PhotoBox */;
			targetProxy = 032CBBA017D0BDF3001205B1 /* PBXContainerItemProxy */;
		};
/* End PBXTargetDependency section */

/* Begin PBXVariantGroup section */
		032CBB8617D0BDF3001205B1 /* InfoPlist.strings */ = {
			isa = PBXVariantGroup;
			children = (
				032CBB8717D0BDF3001205B1 /* en */,
			);
			name = InfoPlist.strings;
			sourceTree = "<group>";
		};
		032CBB8F17D0BDF3001205B1 /* Main.storyboard */ = {
			isa = PBXVariantGroup;
			children = (
				032CBB9017D0BDF3001205B1 /* Base */,
			);
			name = Main.storyboard;
			sourceTree = "<group>";
		};
		032CBBA517D0BDF3001205B1 /* InfoPlist.strings */ = {
			isa = PBXVariantGroup;
			children = (
				032CBBA617D0BDF3001205B1 /* en */,
			);
			name = InfoPlist.strings;
			sourceTree = "<group>";
		};
/* End PBXVariantGroup section */

/* Begin XCBuildConfiguration section */
		032CBBAA17D0BDF3001205B1 /* Debug */ = {
			isa = XCBuildConfiguration;
			buildSettings = {
				ALWAYS_SEARCH_USER_PATHS = NO;
				CLANG_CXX_LANGUAGE_STANDARD = "gnu++0x";
				CLANG_CXX_LIBRARY = "libc++";
				CLANG_ENABLE_MODULES = YES;
				CLANG_ENABLE_OBJC_ARC = YES;
				CLANG_WARN_BOOL_CONVERSION = YES;
				CLANG_WARN_CONSTANT_CONVERSION = YES;
				CLANG_WARN_DIRECT_OBJC_ISA_USAGE = YES_ERROR;
				CLANG_WARN_EMPTY_BODY = YES;
				CLANG_WARN_ENUM_CONVERSION = YES;
				CLANG_WARN_INT_CONVERSION = YES;
				CLANG_WARN_OBJC_ROOT_CLASS = YES_ERROR;
				CLANG_WARN__DUPLICATE_METHOD_MATCH = YES;
				"CODE_SIGN_IDENTITY[sdk=iphoneos*]" = "iPhone Developer";
				COPY_PHASE_STRIP = NO;
				GCC_C_LANGUAGE_STANDARD = gnu99;
				GCC_DYNAMIC_NO_PIC = NO;
				GCC_OPTIMIZATION_LEVEL = 0;
				GCC_PREPROCESSOR_DEFINITIONS = (
					"DEBUG=1",
					"$(inherited)",
				);
				GCC_SYMBOLS_PRIVATE_EXTERN = NO;
				GCC_WARN_ABOUT_RETURN_TYPE = YES_ERROR;
				GCC_WARN_UNDECLARED_SELECTOR = YES;
				GCC_WARN_UNINITIALIZED_AUTOS = YES;
				GCC_WARN_UNUSED_FUNCTION = YES;
				GCC_WARN_UNUSED_VARIABLE = YES;
				IPHONEOS_DEPLOYMENT_TARGET = 7.0;
				ONLY_ACTIVE_ARCH = YES;
				SDKROOT = iphoneos;
			};
			name = Debug;
		};
		032CBBAB17D0BDF3001205B1 /* Release */ = {
			isa = XCBuildConfiguration;
			buildSettings = {
				ALWAYS_SEARCH_USER_PATHS = NO;
				CLANG_CXX_LANGUAGE_STANDARD = "gnu++0x";
				CLANG_CXX_LIBRARY = "libc++";
				CLANG_ENABLE_MODULES = YES;
				CLANG_ENABLE_OBJC_ARC = YES;
				CLANG_WARN_BOOL_CONVERSION = YES;
				CLANG_WARN_CONSTANT_CONVERSION = YES;
				CLANG_WARN_DIRECT_OBJC_ISA_USAGE = YES_ERROR;
				CLANG_WARN_EMPTY_BODY = YES;
				CLANG_WARN_ENUM_CONVERSION = YES;
				CLANG_WARN_INT_CONVERSION = YES;
				CLANG_WARN_OBJC_ROOT_CLASS = YES_ERROR;
				CLANG_WARN__DUPLICATE_METHOD_MATCH = YES;
				"CODE_SIGN_IDENTITY[sdk=iphoneos*]" = "iPhone Developer";
				COPY_PHASE_STRIP = YES;
				ENABLE_NS_ASSERTIONS = NO;
				GCC_C_LANGUAGE_STANDARD = gnu99;
				GCC_WARN_ABOUT_RETURN_TYPE = YES_ERROR;
				GCC_WARN_UNDECLARED_SELECTOR = YES;
				GCC_WARN_UNINITIALIZED_AUTOS = YES;
				GCC_WARN_UNUSED_FUNCTION = YES;
				GCC_WARN_UNUSED_VARIABLE = YES;
				IPHONEOS_DEPLOYMENT_TARGET = 7.0;
				SDKROOT = iphoneos;
				VALIDATE_PRODUCT = YES;
			};
			name = Release;
		};
		032CBBAD17D0BDF3001205B1 /* Debug */ = {
			isa = XCBuildConfiguration;
			baseConfigurationReference = 2D8562143BB5431496ECF57D /* Pods.xcconfig */;
			buildSettings = {
				ASSETCATALOG_COMPILER_APPICON_NAME = AppIcon;
				ASSETCATALOG_COMPILER_LAUNCHIMAGE_NAME = LaunchImage;
				FRAMEWORK_SEARCH_PATHS = (
					"$(inherited)",
					/Users/nico/Dropbox/Project/Fun/PhotoBox,
				);
				GCC_PRECOMPILE_PREFIX_HEADER = YES;
				GCC_PREFIX_HEADER = "PhotoBox/PhotoBox-Prefix.pch";
				INFOPLIST_FILE = "PhotoBox/PhotoBox-Info.plist";
				OTHER_LDFLAGS = (
					"-ObjC",
					"-framework",
					Accelerate,
					"-framework",
					CFNetwork,
					"-framework",
					CoreGraphics,
					"-framework",
					MobileCoreServices,
					"-framework",
					QuartzCore,
					"-framework",
					Security,
					"-framework",
					SystemConfiguration,
					"-weak_framework",
					CoreTelephony,
					"-weak_framework",
					StoreKit,
					"-framework",
					Reveal,
				);
				PRODUCT_NAME = "$(TARGET_NAME)";
				WRAPPER_EXTENSION = app;
			};
			name = Debug;
		};
		032CBBAE17D0BDF3001205B1 /* Release */ = {
			isa = XCBuildConfiguration;
			baseConfigurationReference = 2D8562143BB5431496ECF57D /* Pods.xcconfig */;
			buildSettings = {
				ASSETCATALOG_COMPILER_APPICON_NAME = AppIcon;
				ASSETCATALOG_COMPILER_LAUNCHIMAGE_NAME = LaunchImage;
				FRAMEWORK_SEARCH_PATHS = (
					"$(inherited)",
					/Users/nico/Dropbox/Project/Fun/PhotoBox,
				);
				GCC_PRECOMPILE_PREFIX_HEADER = YES;
				GCC_PREFIX_HEADER = "PhotoBox/PhotoBox-Prefix.pch";
				INFOPLIST_FILE = "PhotoBox/PhotoBox-Info.plist";
				PRODUCT_NAME = "$(TARGET_NAME)";
				WRAPPER_EXTENSION = app;
			};
			name = Release;
		};
		032CBBB017D0BDF3001205B1 /* Debug */ = {
			isa = XCBuildConfiguration;
			baseConfigurationReference = 7886DE63DB6640C196C77B87 /* Pods-PhotoBoxTests.xcconfig */;
			buildSettings = {
				BUNDLE_LOADER = "$(BUILT_PRODUCTS_DIR)/PhotoBox.app/PhotoBox";
				FRAMEWORK_SEARCH_PATHS = (
					"$(SDKROOT)/Developer/Library/Frameworks",
					"$(inherited)",
					"$(DEVELOPER_FRAMEWORKS_DIR)",
				);
				GCC_PRECOMPILE_PREFIX_HEADER = YES;
				GCC_PREFIX_HEADER = "PhotoBox/PhotoBox-Prefix.pch";
				GCC_PREPROCESSOR_DEFINITIONS = (
					"DEBUG=1",
					"$(inherited)",
				);
				INFOPLIST_FILE = "PhotoBoxTests/PhotoBoxTests-Info.plist";
				PRODUCT_NAME = "$(TARGET_NAME)";
				TEST_HOST = "$(BUNDLE_LOADER)";
				WRAPPER_EXTENSION = xctest;
			};
			name = Debug;
		};
		032CBBB117D0BDF3001205B1 /* Release */ = {
			isa = XCBuildConfiguration;
			baseConfigurationReference = 7886DE63DB6640C196C77B87 /* Pods-PhotoBoxTests.xcconfig */;
			buildSettings = {
				BUNDLE_LOADER = "$(BUILT_PRODUCTS_DIR)/PhotoBox.app/PhotoBox";
				FRAMEWORK_SEARCH_PATHS = (
					"$(SDKROOT)/Developer/Library/Frameworks",
					"$(inherited)",
					"$(DEVELOPER_FRAMEWORKS_DIR)",
				);
				GCC_PRECOMPILE_PREFIX_HEADER = YES;
				GCC_PREFIX_HEADER = "PhotoBox/PhotoBox-Prefix.pch";
				INFOPLIST_FILE = "PhotoBoxTests/PhotoBoxTests-Info.plist";
				PRODUCT_NAME = "$(TARGET_NAME)";
				TEST_HOST = "$(BUNDLE_LOADER)";
				WRAPPER_EXTENSION = xctest;
			};
			name = Release;
		};
/* End XCBuildConfiguration section */

/* Begin XCConfigurationList section */
		032CBB7517D0BDF3001205B1 /* Build configuration list for PBXProject "PhotoBox" */ = {
			isa = XCConfigurationList;
			buildConfigurations = (
				032CBBAA17D0BDF3001205B1 /* Debug */,
				032CBBAB17D0BDF3001205B1 /* Release */,
			);
			defaultConfigurationIsVisible = 0;
			defaultConfigurationName = Release;
		};
		032CBBAC17D0BDF3001205B1 /* Build configuration list for PBXNativeTarget "PhotoBox" */ = {
			isa = XCConfigurationList;
			buildConfigurations = (
				032CBBAD17D0BDF3001205B1 /* Debug */,
				032CBBAE17D0BDF3001205B1 /* Release */,
			);
			defaultConfigurationIsVisible = 0;
			defaultConfigurationName = Release;
		};
		032CBBAF17D0BDF3001205B1 /* Build configuration list for PBXNativeTarget "PhotoBoxTests" */ = {
			isa = XCConfigurationList;
			buildConfigurations = (
				032CBBB017D0BDF3001205B1 /* Debug */,
				032CBBB117D0BDF3001205B1 /* Release */,
			);
			defaultConfigurationIsVisible = 0;
			defaultConfigurationName = Release;
		};
/* End XCConfigurationList section */
	};
	rootObject = 032CBB7217D0BDF3001205B1 /* Project object */;
}
