<?xml version="1.0" encoding="UTF-8"?>
<!DOCTYPE plist PUBLIC "-//Apple//DTD PLIST 1.0//EN" "http://www.apple.com/DTDs/PropertyList-1.0.dtd">
<plist version="1.0">
<dict>
	<key>archiveVersion</key>
	<string>1</string>
	<key>classes</key>
	<dict/>
	<key>objectVersion</key>
	<string>46</string>
	<key>objects</key>
	<dict>
		<key>03108FDB17D0F3FA0075F9D8</key>
		<dict>
			<key>children</key>
			<array/>
			<key>isa</key>
			<string>PBXGroup</string>
			<key>path</key>
			<string>External</string>
			<key>sourceTree</key>
			<string>&lt;group&gt;</string>
		</dict>
		<key>03108FE717D0FE130075F9D8</key>
		<dict>
			<key>children</key>
			<array>
				<string>03108FE817D0FE3A0075F9D8</string>
				<string>03108FE917D0FE3A0075F9D8</string>
				<string>03108FF417D0FF0C0075F9D8</string>
				<string>03108FF517D0FF0C0075F9D8</string>
				<string>0310904017D1ABED0075F9D8</string>
				<string>0310904117D1ABED0075F9D8</string>
				<string>0310904317D1B2840075F9D8</string>
				<string>0310904417D1B2840075F9D8</string>
				<string>031DD29F17D99B1300A80167</string>
				<string>031DD2A017D99B1300A80167</string>
			</array>
			<key>isa</key>
			<string>PBXGroup</string>
			<key>name</key>
			<string>Models</string>
			<key>sourceTree</key>
			<string>&lt;group&gt;</string>
		</dict>
		<key>03108FE817D0FE3A0075F9D8</key>
		<dict>
			<key>fileEncoding</key>
			<string>4</string>
			<key>isa</key>
			<string>PBXFileReference</string>
			<key>lastKnownFileType</key>
			<string>sourcecode.c.h</string>
			<key>name</key>
			<string>Album.h</string>
			<key>path</key>
			<string>PhotoBox/Models/Album.h</string>
			<key>sourceTree</key>
			<string>&lt;group&gt;</string>
		</dict>
		<key>03108FE917D0FE3A0075F9D8</key>
		<dict>
			<key>fileEncoding</key>
			<string>4</string>
			<key>isa</key>
			<string>PBXFileReference</string>
			<key>lastKnownFileType</key>
			<string>sourcecode.c.objc</string>
			<key>name</key>
			<string>Album.m</string>
			<key>path</key>
			<string>PhotoBox/Models/Album.m</string>
			<key>sourceTree</key>
			<string>&lt;group&gt;</string>
		</dict>
		<key>03108FEA17D0FE3A0075F9D8</key>
		<dict>
			<key>fileRef</key>
			<string>03108FE917D0FE3A0075F9D8</string>
			<key>isa</key>
			<string>PBXBuildFile</string>
		</dict>
		<key>03108FF017D0FED40075F9D8</key>
		<dict>
			<key>children</key>
			<array>
				<string>0348D22317DA208000C932BA</string>
				<string>0348D22417DA208000C932BA</string>
				<string>0348D22517DA208000C932BA</string>
				<string>0348D22617DA208000C932BA</string>
				<string>0358469917D1D72000E196D7</string>
				<string>0358469A17D1D72000E196D7</string>
				<string>03108FF117D0FED40075F9D8</string>
				<string>03108FF217D0FED40075F9D8</string>
				<string>0358469617D1D42700E196D7</string>
				<string>0358469717D1D42700E196D7</string>
				<string>035846AF17D2312500E196D7</string>
				<string>035846B017D2312500E196D7</string>
				<string>035846D717D364FE00E196D7</string>
				<string>035846D817D364FE00E196D7</string>
				<string>03AE182A17D8F266009CD844</string>
				<string>03AE182B17D8F267009CD844</string>
			</array>
			<key>isa</key>
			<string>PBXGroup</string>
			<key>name</key>
			<string>Categories</string>
			<key>path</key>
			<string>PhotoBox/Categories</string>
			<key>sourceTree</key>
			<string>&lt;group&gt;</string>
		</dict>
		<key>03108FF117D0FED40075F9D8</key>
		<dict>
			<key>fileEncoding</key>
			<string>4</string>
			<key>isa</key>
			<string>PBXFileReference</string>
			<key>lastKnownFileType</key>
			<string>sourcecode.c.h</string>
			<key>path</key>
			<string>NSObject+setValuesForKeysWithJSONDictionary.h</string>
			<key>sourceTree</key>
			<string>&lt;group&gt;</string>
		</dict>
		<key>03108FF217D0FED40075F9D8</key>
		<dict>
			<key>fileEncoding</key>
			<string>4</string>
			<key>isa</key>
			<string>PBXFileReference</string>
			<key>lastKnownFileType</key>
			<string>sourcecode.c.objc</string>
			<key>path</key>
			<string>NSObject+setValuesForKeysWithJSONDictionary.m</string>
			<key>sourceTree</key>
			<string>&lt;group&gt;</string>
		</dict>
		<key>03108FF317D0FED40075F9D8</key>
		<dict>
			<key>fileRef</key>
			<string>03108FF217D0FED40075F9D8</string>
			<key>isa</key>
			<string>PBXBuildFile</string>
		</dict>
		<key>03108FF417D0FF0C0075F9D8</key>
		<dict>
			<key>fileEncoding</key>
			<string>4</string>
			<key>isa</key>
			<string>PBXFileReference</string>
			<key>lastKnownFileType</key>
			<string>sourcecode.c.h</string>
			<key>name</key>
			<string>PhotoBoxModel.h</string>
			<key>path</key>
			<string>PhotoBox/Models/PhotoBoxModel.h</string>
			<key>sourceTree</key>
			<string>&lt;group&gt;</string>
		</dict>
		<key>03108FF517D0FF0C0075F9D8</key>
		<dict>
			<key>fileEncoding</key>
			<string>4</string>
			<key>isa</key>
			<string>PBXFileReference</string>
			<key>lastKnownFileType</key>
			<string>sourcecode.c.objc</string>
			<key>name</key>
			<string>PhotoBoxModel.m</string>
			<key>path</key>
			<string>PhotoBox/Models/PhotoBoxModel.m</string>
			<key>sourceTree</key>
			<string>&lt;group&gt;</string>
		</dict>
		<key>03108FF617D0FF0C0075F9D8</key>
		<dict>
			<key>fileRef</key>
			<string>03108FF517D0FF0C0075F9D8</string>
			<key>isa</key>
			<string>PBXBuildFile</string>
		</dict>
		<key>0310903817D1031A0075F9D8</key>
		<dict>
			<key>children</key>
			<array>
				<string>0310903917D103330075F9D8</string>
				<string>0310903A17D103330075F9D8</string>
				<string>0310903D17D104460075F9D8</string>
				<string>0310903E17D104460075F9D8</string>
			</array>
			<key>isa</key>
			<string>PBXGroup</string>
			<key>name</key>
			<string>Networking</string>
			<key>sourceTree</key>
			<string>&lt;group&gt;</string>
		</dict>
		<key>0310903917D103330075F9D8</key>
		<dict>
			<key>fileEncoding</key>
			<string>4</string>
			<key>isa</key>
			<string>PBXFileReference</string>
			<key>lastKnownFileType</key>
			<string>sourcecode.c.h</string>
			<key>name</key>
			<string>PhotoBoxClient.h</string>
			<key>path</key>
			<string>PhotoBox/Networking/PhotoBoxClient.h</string>
			<key>sourceTree</key>
			<string>&lt;group&gt;</string>
		</dict>
		<key>0310903A17D103330075F9D8</key>
		<dict>
			<key>fileEncoding</key>
			<string>4</string>
			<key>isa</key>
			<string>PBXFileReference</string>
			<key>lastKnownFileType</key>
			<string>sourcecode.c.objc</string>
			<key>name</key>
			<string>PhotoBoxClient.m</string>
			<key>path</key>
			<string>PhotoBox/Networking/PhotoBoxClient.m</string>
			<key>sourceTree</key>
			<string>&lt;group&gt;</string>
		</dict>
		<key>0310903B17D103330075F9D8</key>
		<dict>
			<key>fileRef</key>
			<string>0310903A17D103330075F9D8</string>
			<key>isa</key>
			<string>PBXBuildFile</string>
		</dict>
		<key>0310903C17D103780075F9D8</key>
		<dict>
			<key>fileEncoding</key>
			<string>4</string>
			<key>isa</key>
			<string>PBXFileReference</string>
			<key>lastKnownFileType</key>
			<string>sourcecode.c.h</string>
			<key>path</key>
			<string>Constants.h</string>
			<key>sourceTree</key>
			<string>&lt;group&gt;</string>
		</dict>
		<key>0310903D17D104460075F9D8</key>
		<dict>
			<key>fileEncoding</key>
			<string>4</string>
			<key>isa</key>
			<string>PBXFileReference</string>
			<key>lastKnownFileType</key>
			<string>sourcecode.c.h</string>
			<key>name</key>
			<string>ConnectionManager.h</string>
			<key>path</key>
			<string>PhotoBox/Networking/ConnectionManager.h</string>
			<key>sourceTree</key>
			<string>&lt;group&gt;</string>
		</dict>
		<key>0310903E17D104460075F9D8</key>
		<dict>
			<key>fileEncoding</key>
			<string>4</string>
			<key>isa</key>
			<string>PBXFileReference</string>
			<key>lastKnownFileType</key>
			<string>sourcecode.c.objc</string>
			<key>name</key>
			<string>ConnectionManager.m</string>
			<key>path</key>
			<string>PhotoBox/Networking/ConnectionManager.m</string>
			<key>sourceTree</key>
			<string>&lt;group&gt;</string>
		</dict>
		<key>0310903F17D104460075F9D8</key>
		<dict>
			<key>fileRef</key>
			<string>0310903E17D104460075F9D8</string>
			<key>isa</key>
			<string>PBXBuildFile</string>
		</dict>
		<key>0310904017D1ABED0075F9D8</key>
		<dict>
			<key>fileEncoding</key>
			<string>4</string>
			<key>isa</key>
			<string>PBXFileReference</string>
			<key>lastKnownFileType</key>
			<string>sourcecode.c.h</string>
			<key>name</key>
			<string>Photo.h</string>
			<key>path</key>
			<string>PhotoBox/Models/Photo.h</string>
			<key>sourceTree</key>
			<string>&lt;group&gt;</string>
		</dict>
		<key>0310904117D1ABED0075F9D8</key>
		<dict>
			<key>fileEncoding</key>
			<string>4</string>
			<key>isa</key>
			<string>PBXFileReference</string>
			<key>lastKnownFileType</key>
			<string>sourcecode.c.objc</string>
			<key>name</key>
			<string>Photo.m</string>
			<key>path</key>
			<string>PhotoBox/Models/Photo.m</string>
			<key>sourceTree</key>
			<string>&lt;group&gt;</string>
		</dict>
		<key>0310904217D1ABED0075F9D8</key>
		<dict>
			<key>fileRef</key>
			<string>0310904117D1ABED0075F9D8</string>
			<key>isa</key>
			<string>PBXBuildFile</string>
		</dict>
		<key>0310904317D1B2840075F9D8</key>
		<dict>
			<key>fileEncoding</key>
			<string>4</string>
			<key>isa</key>
			<string>PBXFileReference</string>
			<key>lastKnownFileType</key>
			<string>sourcecode.c.h</string>
			<key>name</key>
			<string>Tag.h</string>
			<key>path</key>
			<string>PhotoBox/Models/Tag.h</string>
			<key>sourceTree</key>
			<string>&lt;group&gt;</string>
		</dict>
		<key>0310904417D1B2840075F9D8</key>
		<dict>
			<key>fileEncoding</key>
			<string>4</string>
			<key>isa</key>
			<string>PBXFileReference</string>
			<key>lastKnownFileType</key>
			<string>sourcecode.c.objc</string>
			<key>name</key>
			<string>Tag.m</string>
			<key>path</key>
			<string>PhotoBox/Models/Tag.m</string>
			<key>sourceTree</key>
			<string>&lt;group&gt;</string>
		</dict>
		<key>0310904517D1B2840075F9D8</key>
		<dict>
			<key>fileRef</key>
			<string>0310904417D1B2840075F9D8</string>
			<key>isa</key>
			<string>PBXBuildFile</string>
		</dict>
		<key>031DD29F17D99B1300A80167</key>
		<dict>
			<key>fileEncoding</key>
			<string>4</string>
			<key>isa</key>
			<string>PBXFileReference</string>
			<key>lastKnownFileType</key>
			<string>sourcecode.c.h</string>
			<key>name</key>
			<string>PhotoBoxImage.h</string>
			<key>path</key>
			<string>PhotoBox/Models/PhotoBoxImage.h</string>
			<key>sourceTree</key>
			<string>&lt;group&gt;</string>
		</dict>
		<key>031DD2A017D99B1300A80167</key>
		<dict>
			<key>fileEncoding</key>
			<string>4</string>
			<key>isa</key>
			<string>PBXFileReference</string>
			<key>lastKnownFileType</key>
			<string>sourcecode.c.objc</string>
			<key>name</key>
			<string>PhotoBoxImage.m</string>
			<key>path</key>
			<string>PhotoBox/Models/PhotoBoxImage.m</string>
			<key>sourceTree</key>
			<string>&lt;group&gt;</string>
		</dict>
		<key>031DD2A117D99B1300A80167</key>
		<dict>
			<key>fileRef</key>
			<string>031DD2A017D99B1300A80167</string>
			<key>isa</key>
			<string>PBXBuildFile</string>
		</dict>
		<key>031DD2A217D9A08000A80167</key>
		<dict>
			<key>fileEncoding</key>
			<string>4</string>
			<key>isa</key>
			<string>PBXFileReference</string>
			<key>lastKnownFileType</key>
			<string>sourcecode.c.objc</string>
			<key>path</key>
			<string>PhotoModelTests.m</string>
			<key>sourceTree</key>
			<string>&lt;group&gt;</string>
		</dict>
		<key>031DD2A317D9A08000A80167</key>
		<dict>
			<key>fileRef</key>
			<string>031DD2A217D9A08000A80167</string>
			<key>isa</key>
			<string>PBXBuildFile</string>
		</dict>
		<key>031DD2A417D9BB8300A80167</key>
		<dict>
			<key>isa</key>
			<string>PBXFileReference</string>
			<key>lastKnownFileType</key>
			<string>image.png</string>
			<key>path</key>
			<string>camera.png</string>
			<key>sourceTree</key>
			<string>&lt;group&gt;</string>
		</dict>
		<key>031DD2A517D9BB8300A80167</key>
		<dict>
			<key>isa</key>
			<string>PBXFileReference</string>
			<key>lastKnownFileType</key>
			<string>image.png</string>
			<key>path</key>
			<string>upload.png</string>
			<key>sourceTree</key>
			<string>&lt;group&gt;</string>
		</dict>
		<key>031DD2A617D9BB8300A80167</key>
		<dict>
			<key>isa</key>
			<string>PBXFileReference</string>
			<key>lastKnownFileType</key>
			<string>image.png</string>
			<key>path</key>
			<string>download.png</string>
			<key>sourceTree</key>
			<string>&lt;group&gt;</string>
		</dict>
		<key>031DD2A717D9BB8300A80167</key>
		<dict>
			<key>isa</key>
			<string>PBXFileReference</string>
			<key>lastKnownFileType</key>
			<string>image.png</string>
			<key>path</key>
			<string>user.png</string>
			<key>sourceTree</key>
			<string>&lt;group&gt;</string>
		</dict>
		<key>031DD2A817D9BB8300A80167</key>
		<dict>
			<key>isa</key>
			<string>PBXFileReference</string>
			<key>lastKnownFileType</key>
			<string>image.png</string>
			<key>path</key>
			<string>info.png</string>
			<key>sourceTree</key>
			<string>&lt;group&gt;</string>
		</dict>
		<key>031DD2A917D9BB8300A80167</key>
		<dict>
			<key>isa</key>
			<string>PBXFileReference</string>
			<key>lastKnownFileType</key>
			<string>image.png</string>
			<key>path</key>
			<string>setting.png</string>
			<key>sourceTree</key>
			<string>&lt;group&gt;</string>
		</dict>
		<key>031DD2AA17D9BB8300A80167</key>
		<dict>
			<key>fileRef</key>
			<string>031DD2A417D9BB8300A80167</string>
			<key>isa</key>
			<string>PBXBuildFile</string>
		</dict>
		<key>031DD2AB17D9BB8300A80167</key>
		<dict>
			<key>fileRef</key>
			<string>031DD2A517D9BB8300A80167</string>
			<key>isa</key>
			<string>PBXBuildFile</string>
		</dict>
		<key>031DD2AC17D9BB8300A80167</key>
		<dict>
			<key>fileRef</key>
			<string>031DD2A617D9BB8300A80167</string>
			<key>isa</key>
			<string>PBXBuildFile</string>
		</dict>
		<key>031DD2AD17D9BB8300A80167</key>
		<dict>
			<key>fileRef</key>
			<string>031DD2A717D9BB8300A80167</string>
			<key>isa</key>
			<string>PBXBuildFile</string>
		</dict>
		<key>031DD2AE17D9BB8300A80167</key>
		<dict>
			<key>fileRef</key>
			<string>031DD2A817D9BB8300A80167</string>
			<key>isa</key>
			<string>PBXBuildFile</string>
		</dict>
		<key>031DD2AF17D9BB8300A80167</key>
		<dict>
			<key>fileRef</key>
			<string>031DD2A917D9BB8300A80167</string>
			<key>isa</key>
			<string>PBXBuildFile</string>
		</dict>
		<key>031DD2B017D9BD6B00A80167</key>
		<dict>
			<key>isa</key>
			<string>PBXFileReference</string>
			<key>lastKnownFileType</key>
			<string>image.png</string>
			<key>path</key>
			<string>user@2x.png</string>
			<key>sourceTree</key>
			<string>&lt;group&gt;</string>
		</dict>
		<key>031DD2B117D9BD6B00A80167</key>
		<dict>
			<key>fileRef</key>
			<string>031DD2B017D9BD6B00A80167</string>
			<key>isa</key>
			<string>PBXBuildFile</string>
		</dict>
		<key>032B0D1C17D4CF4800ABFA9F</key>
		<dict>
			<key>fileEncoding</key>
			<string>4</string>
			<key>isa</key>
			<string>PBXFileReference</string>
			<key>lastKnownFileType</key>
			<string>sourcecode.c.h</string>
			<key>name</key>
			<string>LocationManager.h</string>
			<key>path</key>
			<string>PhotoBox/Others/LocationManager.h</string>
			<key>sourceTree</key>
			<string>&lt;group&gt;</string>
		</dict>
		<key>032B0D1D17D4CF4800ABFA9F</key>
		<dict>
			<key>fileEncoding</key>
			<string>4</string>
			<key>isa</key>
			<string>PBXFileReference</string>
			<key>lastKnownFileType</key>
			<string>sourcecode.c.objc</string>
			<key>name</key>
			<string>LocationManager.m</string>
			<key>path</key>
			<string>PhotoBox/Others/LocationManager.m</string>
			<key>sourceTree</key>
			<string>&lt;group&gt;</string>
		</dict>
		<key>032B0D1E17D4CF4800ABFA9F</key>
		<dict>
			<key>fileRef</key>
			<string>032B0D1D17D4CF4800ABFA9F</string>
			<key>isa</key>
			<string>PBXBuildFile</string>
		</dict>
		<key>032B0D2717D5B9A800ABFA9F</key>
		<dict>
			<key>isa</key>
			<string>PBXFileReference</string>
			<key>lastKnownFileType</key>
			<string>wrapper.framework</string>
			<key>name</key>
			<string>SystemConfiguration.framework</string>
			<key>path</key>
			<string>System/Library/Frameworks/SystemConfiguration.framework</string>
			<key>sourceTree</key>
			<string>SDKROOT</string>
		</dict>
		<key>032B0D2817D5B9A800ABFA9F</key>
		<dict>
			<key>fileRef</key>
			<string>032B0D2717D5B9A800ABFA9F</string>
			<key>isa</key>
			<string>PBXBuildFile</string>
		</dict>
		<key>032B0D2917D5B9B400ABFA9F</key>
		<dict>
			<key>isa</key>
			<string>PBXFileReference</string>
			<key>lastKnownFileType</key>
			<string>wrapper.framework</string>
			<key>name</key>
			<string>MobileCoreServices.framework</string>
			<key>path</key>
			<string>System/Library/Frameworks/MobileCoreServices.framework</string>
			<key>sourceTree</key>
			<string>SDKROOT</string>
		</dict>
		<key>032B0D2A17D5B9B400ABFA9F</key>
		<dict>
			<key>fileRef</key>
			<string>032B0D2917D5B9B400ABFA9F</string>
			<key>isa</key>
			<string>PBXBuildFile</string>
		</dict>
		<key>032CBB7117D0BDF3001205B1</key>
		<dict>
			<key>children</key>
			<array>
				<string>03AE182717D8B2F5009CD844</string>
				<string>0337523B17D382D200928409</string>
				<string>0358469F17D1F8F100E196D7</string>
				<string>0358468417D1C17000E196D7</string>
				<string>0358467117D1BBE400E196D7</string>
				<string>0310903817D1031A0075F9D8</string>
				<string>03108FF017D0FED40075F9D8</string>
				<string>03108FE717D0FE130075F9D8</string>
				<string>03108FDB17D0F3FA0075F9D8</string>
				<string>032CBB8317D0BDF3001205B1</string>
				<string>032CBBA217D0BDF3001205B1</string>
				<string>032CBB7C17D0BDF3001205B1</string>
				<string>032CBB7B17D0BDF3001205B1</string>
				<string>2D8562143BB5431496ECF57D</string>
				<string>7886DE63DB6640C196C77B87</string>
			</array>
			<key>isa</key>
			<string>PBXGroup</string>
			<key>sourceTree</key>
			<string>&lt;group&gt;</string>
		</dict>
		<key>032CBB7217D0BDF3001205B1</key>
		<dict>
			<key>attributes</key>
			<dict>
				<key>LastUpgradeCheck</key>
				<string>0500</string>
				<key>ORGANIZATIONNAME</key>
				<string>Touches</string>
				<key>TargetAttributes</key>
				<dict>
					<key>032CBB9A17D0BDF3001205B1</key>
					<dict>
						<key>TestTargetID</key>
						<string>032CBB7917D0BDF3001205B1</string>
					</dict>
				</dict>
			</dict>
			<key>buildConfigurationList</key>
			<string>032CBB7517D0BDF3001205B1</string>
			<key>compatibilityVersion</key>
			<string>Xcode 3.2</string>
			<key>developmentRegion</key>
			<string>English</string>
			<key>hasScannedForEncodings</key>
			<string>0</string>
			<key>isa</key>
			<string>PBXProject</string>
			<key>knownRegions</key>
			<array>
				<string>en</string>
				<string>Base</string>
			</array>
			<key>mainGroup</key>
			<string>032CBB7117D0BDF3001205B1</string>
			<key>productRefGroup</key>
			<string>032CBB7B17D0BDF3001205B1</string>
			<key>projectDirPath</key>
			<string></string>
			<key>projectReferences</key>
			<array/>
			<key>projectRoot</key>
			<string></string>
			<key>targets</key>
			<array>
				<string>032CBB7917D0BDF3001205B1</string>
				<string>032CBB9A17D0BDF3001205B1</string>
			</array>
		</dict>
		<key>032CBB7517D0BDF3001205B1</key>
		<dict>
			<key>buildConfigurations</key>
			<array>
				<string>032CBBAA17D0BDF3001205B1</string>
				<string>032CBBAB17D0BDF3001205B1</string>
			</array>
			<key>defaultConfigurationIsVisible</key>
			<string>0</string>
			<key>defaultConfigurationName</key>
			<string>Release</string>
			<key>isa</key>
			<string>XCConfigurationList</string>
		</dict>
		<key>032CBB7617D0BDF3001205B1</key>
		<dict>
			<key>buildActionMask</key>
			<string>2147483647</string>
			<key>files</key>
			<array>
				<string>035846AE17D22D4400E196D7</string>
				<string>0337524717D3953100928409</string>
				<string>035846B717D23FB800E196D7</string>
				<string>032B0D1E17D4CF4800ABFA9F</string>
				<string>0358467417D1BC1D00E196D7</string>
				<string>035846BA17D2403500E196D7</string>
				<string>03AE182C17D8F267009CD844</string>
				<string>0358469B17D1D72000E196D7</string>
				<string>035846AB17D20B8100E196D7</string>
				<string>03AE182617D8B004009CD844</string>
				<string>0310903F17D104460075F9D8</string>
				<string>031DD2A117D99B1300A80167</string>
				<string>035846D917D364FE00E196D7</string>
				<string>035846C017D255A600E196D7</string>
				<string>035846B117D2312500E196D7</string>
				<string>032CBB8E17D0BDF3001205B1</string>
				<string>0310904217D1ABED0075F9D8</string>
				<string>0358468717D1C19A00E196D7</string>
				<string>035846CC17D348DB00E196D7</string>
				<string>0310904517D1B2840075F9D8</string>
				<string>0358468A17D1C1B100E196D7</string>
				<string>035846CF17D34A0D00E196D7</string>
				<string>0348D22817DA208000C932BA</string>
				<string>03108FF617D0FF0C0075F9D8</string>
				<string>0358468317D1C0E800E196D7</string>
				<string>032CBB8A17D0BDF3001205B1</string>
				<string>0310903B17D103330075F9D8</string>
				<string>035846A817D2021100E196D7</string>
				<string>035846A217D1F91000E196D7</string>
				<string>0358467717D1BC3D00E196D7</string>
				<string>03108FEA17D0FE3A0075F9D8</string>
				<string>0358467A17D1BCC000E196D7</string>
				<string>0358469817D1D42700E196D7</string>
				<string>03108FF317D0FED40075F9D8</string>
				<string>035846C317D2598600E196D7</string>
				<string>0348D22717DA208000C932BA</string>
			</array>
			<key>isa</key>
			<string>PBXSourcesBuildPhase</string>
			<key>runOnlyForDeploymentPostprocessing</key>
			<string>0</string>
		</dict>
		<key>032CBB7717D0BDF3001205B1</key>
		<dict>
			<key>buildActionMask</key>
			<string>2147483647</string>
			<key>files</key>
			<array>
				<string>032B0D2A17D5B9B400ABFA9F</string>
				<string>032B0D2817D5B9A800ABFA9F</string>
				<string>0358468F17D1CD2A00E196D7</string>
				<string>0358468D17D1CD2500E196D7</string>
				<string>032CBB8017D0BDF3001205B1</string>
				<string>032CBB8217D0BDF3001205B1</string>
				<string>032CBB7E17D0BDF3001205B1</string>
				<string>32CCCA973319465F8B41F5A2</string>
			</array>
			<key>isa</key>
			<string>PBXFrameworksBuildPhase</string>
			<key>runOnlyForDeploymentPostprocessing</key>
			<string>0</string>
		</dict>
		<key>032CBB7817D0BDF3001205B1</key>
		<dict>
			<key>buildActionMask</key>
			<string>2147483647</string>
			<key>files</key>
			<array>
				<string>031DD2AB17D9BB8300A80167</string>
				<string>032CBB9617D0BDF3001205B1</string>
				<string>031DD2AE17D9BB8300A80167</string>
				<string>031DD2AD17D9BB8300A80167</string>
				<string>032CBB8817D0BDF3001205B1</string>
				<string>032CBB9117D0BDF3001205B1</string>
				<string>03AE182917D8B2F5009CD844</string>
				<string>031DD2AC17D9BB8300A80167</string>
				<string>0348D23017DA263500C932BA</string>
				<string>031DD2AF17D9BB8300A80167</string>
				<string>031DD2AA17D9BB8300A80167</string>
				<string>031DD2B117D9BD6B00A80167</string>
			</array>
			<key>isa</key>
			<string>PBXResourcesBuildPhase</string>
			<key>runOnlyForDeploymentPostprocessing</key>
			<string>0</string>
		</dict>
		<key>032CBB7917D0BDF3001205B1</key>
		<dict>
			<key>buildConfigurationList</key>
			<string>032CBBAC17D0BDF3001205B1</string>
			<key>buildPhases</key>
			<array>
				<string>5C130350325A429EBCF29C6C</string>
				<string>032CBB7617D0BDF3001205B1</string>
				<string>032CBB7717D0BDF3001205B1</string>
				<string>032CBB7817D0BDF3001205B1</string>
				<string>A426A20BBE3148799A8BAA5E</string>
				<string>0348D22C17DA259100C932BA</string>
			</array>
			<key>buildRules</key>
			<array/>
			<key>dependencies</key>
			<array/>
			<key>isa</key>
			<string>PBXNativeTarget</string>
			<key>name</key>
			<string>PhotoBox</string>
			<key>productName</key>
			<string>PhotoBox</string>
			<key>productReference</key>
			<string>032CBB7A17D0BDF3001205B1</string>
			<key>productType</key>
			<string>com.apple.product-type.application</string>
		</dict>
		<key>032CBB7A17D0BDF3001205B1</key>
		<dict>
			<key>explicitFileType</key>
			<string>wrapper.application</string>
			<key>includeInIndex</key>
			<string>0</string>
			<key>isa</key>
			<string>PBXFileReference</string>
			<key>path</key>
			<string>PhotoBox.app</string>
			<key>sourceTree</key>
			<string>BUILT_PRODUCTS_DIR</string>
		</dict>
		<key>032CBB7B17D0BDF3001205B1</key>
		<dict>
			<key>children</key>
			<array>
				<string>032CBB7A17D0BDF3001205B1</string>
				<string>032CBB9B17D0BDF3001205B1</string>
			</array>
			<key>isa</key>
			<string>PBXGroup</string>
			<key>name</key>
			<string>Products</string>
			<key>sourceTree</key>
			<string>&lt;group&gt;</string>
		</dict>
		<key>032CBB7C17D0BDF3001205B1</key>
		<dict>
			<key>children</key>
			<array>
				<string>0348D23317DA2CC400C932BA</string>
				<string>032B0D2917D5B9B400ABFA9F</string>
				<string>032B0D2717D5B9A800ABFA9F</string>
				<string>0358468E17D1CD2A00E196D7</string>
				<string>0358468C17D1CD2500E196D7</string>
				<string>0358468B17D1CD1300E196D7</string>
				<string>032CBB7D17D0BDF3001205B1</string>
				<string>032CBB7F17D0BDF3001205B1</string>
				<string>032CBB8117D0BDF3001205B1</string>
				<string>032CBB9C17D0BDF3001205B1</string>
				<string>A1D8E459750D4D6DBD1D4F59</string>
				<string>A1726016635D4784B088DF1D</string>
				<string>E845C4361E114610AD496CB5</string>
			</array>
			<key>isa</key>
			<string>PBXGroup</string>
			<key>name</key>
			<string>Frameworks</string>
			<key>sourceTree</key>
			<string>&lt;group&gt;</string>
		</dict>
		<key>032CBB7D17D0BDF3001205B1</key>
		<dict>
			<key>isa</key>
			<string>PBXFileReference</string>
			<key>lastKnownFileType</key>
			<string>wrapper.framework</string>
			<key>name</key>
			<string>Foundation.framework</string>
			<key>path</key>
			<string>System/Library/Frameworks/Foundation.framework</string>
			<key>sourceTree</key>
			<string>SDKROOT</string>
		</dict>
		<key>032CBB7E17D0BDF3001205B1</key>
		<dict>
			<key>fileRef</key>
			<string>032CBB7D17D0BDF3001205B1</string>
			<key>isa</key>
			<string>PBXBuildFile</string>
		</dict>
		<key>032CBB7F17D0BDF3001205B1</key>
		<dict>
			<key>isa</key>
			<string>PBXFileReference</string>
			<key>lastKnownFileType</key>
			<string>wrapper.framework</string>
			<key>name</key>
			<string>CoreGraphics.framework</string>
			<key>path</key>
			<string>System/Library/Frameworks/CoreGraphics.framework</string>
			<key>sourceTree</key>
			<string>SDKROOT</string>
		</dict>
		<key>032CBB8017D0BDF3001205B1</key>
		<dict>
			<key>fileRef</key>
			<string>032CBB7F17D0BDF3001205B1</string>
			<key>isa</key>
			<string>PBXBuildFile</string>
		</dict>
		<key>032CBB8117D0BDF3001205B1</key>
		<dict>
			<key>isa</key>
			<string>PBXFileReference</string>
			<key>lastKnownFileType</key>
			<string>wrapper.framework</string>
			<key>name</key>
			<string>UIKit.framework</string>
			<key>path</key>
			<string>System/Library/Frameworks/UIKit.framework</string>
			<key>sourceTree</key>
			<string>SDKROOT</string>
		</dict>
		<key>032CBB8217D0BDF3001205B1</key>
		<dict>
			<key>fileRef</key>
			<string>032CBB8117D0BDF3001205B1</string>
			<key>isa</key>
			<string>PBXBuildFile</string>
		</dict>
		<key>032CBB8317D0BDF3001205B1</key>
		<dict>
			<key>children</key>
			<array>
				<string>032CBB8C17D0BDF3001205B1</string>
				<string>032CBB8D17D0BDF3001205B1</string>
				<string>032CBB8F17D0BDF3001205B1</string>
				<string>032CBB9517D0BDF3001205B1</string>
				<string>032CBB8417D0BDF3001205B1</string>
			</array>
			<key>isa</key>
			<string>PBXGroup</string>
			<key>path</key>
			<string>PhotoBox</string>
			<key>sourceTree</key>
			<string>&lt;group&gt;</string>
		</dict>
		<key>032CBB8417D0BDF3001205B1</key>
		<dict>
			<key>children</key>
			<array>
				<string>032CBB8517D0BDF3001205B1</string>
				<string>032CBB8617D0BDF3001205B1</string>
				<string>032CBB8917D0BDF3001205B1</string>
				<string>032CBB8B17D0BDF3001205B1</string>
				<string>0310903C17D103780075F9D8</string>
				<string>0348D22F17DA263500C932BA</string>
			</array>
			<key>isa</key>
			<string>PBXGroup</string>
			<key>name</key>
			<string>Supporting Files</string>
			<key>sourceTree</key>
			<string>&lt;group&gt;</string>
		</dict>
		<key>032CBB8517D0BDF3001205B1</key>
		<dict>
			<key>isa</key>
			<string>PBXFileReference</string>
			<key>lastKnownFileType</key>
			<string>text.plist.xml</string>
			<key>path</key>
			<string>PhotoBox-Info.plist</string>
			<key>sourceTree</key>
			<string>&lt;group&gt;</string>
		</dict>
		<key>032CBB8617D0BDF3001205B1</key>
		<dict>
			<key>children</key>
			<array>
				<string>032CBB8717D0BDF3001205B1</string>
			</array>
			<key>isa</key>
			<string>PBXVariantGroup</string>
			<key>name</key>
			<string>InfoPlist.strings</string>
			<key>sourceTree</key>
			<string>&lt;group&gt;</string>
		</dict>
		<key>032CBB8717D0BDF3001205B1</key>
		<dict>
			<key>isa</key>
			<string>PBXFileReference</string>
			<key>lastKnownFileType</key>
			<string>text.plist.strings</string>
			<key>name</key>
			<string>en</string>
			<key>path</key>
			<string>en.lproj/InfoPlist.strings</string>
			<key>sourceTree</key>
			<string>&lt;group&gt;</string>
		</dict>
		<key>032CBB8817D0BDF3001205B1</key>
		<dict>
			<key>fileRef</key>
			<string>032CBB8617D0BDF3001205B1</string>
			<key>isa</key>
			<string>PBXBuildFile</string>
		</dict>
		<key>032CBB8917D0BDF3001205B1</key>
		<dict>
			<key>isa</key>
			<string>PBXFileReference</string>
			<key>lastKnownFileType</key>
			<string>sourcecode.c.objc</string>
			<key>path</key>
			<string>main.m</string>
			<key>sourceTree</key>
			<string>&lt;group&gt;</string>
		</dict>
		<key>032CBB8A17D0BDF3001205B1</key>
		<dict>
			<key>fileRef</key>
			<string>032CBB8917D0BDF3001205B1</string>
			<key>isa</key>
			<string>PBXBuildFile</string>
		</dict>
		<key>032CBB8B17D0BDF3001205B1</key>
		<dict>
			<key>isa</key>
			<string>PBXFileReference</string>
			<key>lastKnownFileType</key>
			<string>sourcecode.c.h</string>
			<key>path</key>
			<string>PhotoBox-Prefix.pch</string>
			<key>sourceTree</key>
			<string>&lt;group&gt;</string>
		</dict>
		<key>032CBB8C17D0BDF3001205B1</key>
		<dict>
			<key>isa</key>
			<string>PBXFileReference</string>
			<key>lastKnownFileType</key>
			<string>sourcecode.c.h</string>
			<key>path</key>
			<string>AppDelegate.h</string>
			<key>sourceTree</key>
			<string>&lt;group&gt;</string>
		</dict>
		<key>032CBB8D17D0BDF3001205B1</key>
		<dict>
			<key>isa</key>
			<string>PBXFileReference</string>
			<key>lastKnownFileType</key>
			<string>sourcecode.c.objc</string>
			<key>path</key>
			<string>AppDelegate.m</string>
			<key>sourceTree</key>
			<string>&lt;group&gt;</string>
		</dict>
		<key>032CBB8E17D0BDF3001205B1</key>
		<dict>
			<key>fileRef</key>
			<string>032CBB8D17D0BDF3001205B1</string>
			<key>isa</key>
			<string>PBXBuildFile</string>
		</dict>
		<key>032CBB8F17D0BDF3001205B1</key>
		<dict>
			<key>children</key>
			<array>
				<string>032CBB9017D0BDF3001205B1</string>
			</array>
			<key>isa</key>
			<string>PBXVariantGroup</string>
			<key>name</key>
			<string>Main.storyboard</string>
			<key>sourceTree</key>
			<string>&lt;group&gt;</string>
		</dict>
		<key>032CBB9017D0BDF3001205B1</key>
		<dict>
			<key>isa</key>
			<string>PBXFileReference</string>
			<key>lastKnownFileType</key>
			<string>file.storyboard</string>
			<key>name</key>
			<string>Base</string>
			<key>path</key>
			<string>Base.lproj/Main.storyboard</string>
			<key>sourceTree</key>
			<string>&lt;group&gt;</string>
		</dict>
		<key>032CBB9117D0BDF3001205B1</key>
		<dict>
			<key>fileRef</key>
			<string>032CBB8F17D0BDF3001205B1</string>
			<key>isa</key>
			<string>PBXBuildFile</string>
		</dict>
		<key>032CBB9517D0BDF3001205B1</key>
		<dict>
			<key>isa</key>
			<string>PBXFileReference</string>
			<key>lastKnownFileType</key>
			<string>folder.assetcatalog</string>
			<key>path</key>
			<string>Images.xcassets</string>
			<key>sourceTree</key>
			<string>&lt;group&gt;</string>
		</dict>
		<key>032CBB9617D0BDF3001205B1</key>
		<dict>
			<key>fileRef</key>
			<string>032CBB9517D0BDF3001205B1</string>
			<key>isa</key>
			<string>PBXBuildFile</string>
		</dict>
		<key>032CBB9717D0BDF3001205B1</key>
		<dict>
			<key>buildActionMask</key>
			<string>2147483647</string>
			<key>files</key>
			<array>
				<string>03AE182E17D8F2C3009CD844</string>
				<string>035846B317D2339200E196D7</string>
				<string>031DD2A317D9A08000A80167</string>
				<string>03DD04DF17F9C479001FB8A5</string>
				<string>035846D117D34C4800E196D7</string>
				<string>03B337EB17D89CF5002A486B</string>
			</array>
			<key>isa</key>
			<string>PBXSourcesBuildPhase</string>
			<key>runOnlyForDeploymentPostprocessing</key>
			<string>0</string>
		</dict>
		<key>032CBB9817D0BDF3001205B1</key>
		<dict>
			<key>buildActionMask</key>
			<string>2147483647</string>
			<key>files</key>
			<array>
				<string>032CBB9D17D0BDF3001205B1</string>
				<string>032CBB9F17D0BDF3001205B1</string>
				<string>032CBB9E17D0BDF3001205B1</string>
				<string>A2569D1E0C8F41A1B5DFA12B</string>
			</array>
			<key>isa</key>
			<string>PBXFrameworksBuildPhase</string>
			<key>runOnlyForDeploymentPostprocessing</key>
			<string>0</string>
		</dict>
		<key>032CBB9917D0BDF3001205B1</key>
		<dict>
			<key>buildActionMask</key>
			<string>2147483647</string>
			<key>files</key>
			<array>
				<string>032CBBA717D0BDF3001205B1</string>
				<string>03DD04E317F9C709001FB8A5</string>
				<string>03DD04E117F9C58B001FB8A5</string>
			</array>
			<key>isa</key>
			<string>PBXResourcesBuildPhase</string>
			<key>runOnlyForDeploymentPostprocessing</key>
			<string>0</string>
		</dict>
		<key>032CBB9A17D0BDF3001205B1</key>
		<dict>
			<key>buildConfigurationList</key>
			<string>032CBBAF17D0BDF3001205B1</string>
			<key>buildPhases</key>
			<array>
				<string>1220ACDE87AF4F8CAB118BAF</string>
				<string>032CBB9717D0BDF3001205B1</string>
				<string>032CBB9817D0BDF3001205B1</string>
				<string>032CBB9917D0BDF3001205B1</string>
				<string>5EBC4A64AF074ED38D3177E6</string>
			</array>
			<key>buildRules</key>
			<array/>
			<key>dependencies</key>
			<array>
				<string>032CBBA117D0BDF3001205B1</string>
			</array>
			<key>isa</key>
			<string>PBXNativeTarget</string>
			<key>name</key>
			<string>PhotoBoxTests</string>
			<key>productName</key>
			<string>PhotoBoxTests</string>
			<key>productReference</key>
			<string>032CBB9B17D0BDF3001205B1</string>
			<key>productType</key>
			<string>com.apple.product-type.bundle.unit-test</string>
		</dict>
		<key>032CBB9B17D0BDF3001205B1</key>
		<dict>
			<key>explicitFileType</key>
			<string>wrapper.cfbundle</string>
			<key>includeInIndex</key>
			<string>0</string>
			<key>isa</key>
			<string>PBXFileReference</string>
			<key>path</key>
			<string>PhotoBoxTests.xctest</string>
			<key>sourceTree</key>
			<string>BUILT_PRODUCTS_DIR</string>
		</dict>
		<key>032CBB9C17D0BDF3001205B1</key>
		<dict>
			<key>isa</key>
			<string>PBXFileReference</string>
			<key>lastKnownFileType</key>
			<string>wrapper.framework</string>
			<key>name</key>
			<string>XCTest.framework</string>
			<key>path</key>
			<string>Library/Frameworks/XCTest.framework</string>
			<key>sourceTree</key>
			<string>DEVELOPER_DIR</string>
		</dict>
		<key>032CBB9D17D0BDF3001205B1</key>
		<dict>
			<key>fileRef</key>
			<string>032CBB9C17D0BDF3001205B1</string>
			<key>isa</key>
			<string>PBXBuildFile</string>
		</dict>
		<key>032CBB9E17D0BDF3001205B1</key>
		<dict>
			<key>fileRef</key>
			<string>032CBB7D17D0BDF3001205B1</string>
			<key>isa</key>
			<string>PBXBuildFile</string>
		</dict>
		<key>032CBB9F17D0BDF3001205B1</key>
		<dict>
			<key>fileRef</key>
			<string>032CBB8117D0BDF3001205B1</string>
			<key>isa</key>
			<string>PBXBuildFile</string>
		</dict>
		<key>032CBBA017D0BDF3001205B1</key>
		<dict>
			<key>containerPortal</key>
			<string>032CBB7217D0BDF3001205B1</string>
			<key>isa</key>
			<string>PBXContainerItemProxy</string>
			<key>proxyType</key>
			<string>1</string>
			<key>remoteGlobalIDString</key>
			<string>032CBB7917D0BDF3001205B1</string>
			<key>remoteInfo</key>
			<string>PhotoBox</string>
		</dict>
		<key>032CBBA117D0BDF3001205B1</key>
		<dict>
			<key>isa</key>
			<string>PBXTargetDependency</string>
			<key>target</key>
			<string>032CBB7917D0BDF3001205B1</string>
			<key>targetProxy</key>
			<string>032CBBA017D0BDF3001205B1</string>
		</dict>
		<key>032CBBA217D0BDF3001205B1</key>
		<dict>
			<key>children</key>
			<array>
				<string>032CBBA317D0BDF3001205B1</string>
				<string>035846B217D2339200E196D7</string>
				<string>035846D017D34C4800E196D7</string>
				<string>03B337EA17D89CF5002A486B</string>
				<string>03AE182D17D8F2C3009CD844</string>
				<string>031DD2A217D9A08000A80167</string>
				<string>03DD04DE17F9C479001FB8A5</string>
				<string>03DD04E017F9C58B001FB8A5</string>
				<string>03DD04E217F9C709001FB8A5</string>
			</array>
			<key>isa</key>
			<string>PBXGroup</string>
			<key>path</key>
			<string>PhotoBoxTests</string>
			<key>sourceTree</key>
			<string>&lt;group&gt;</string>
		</dict>
		<key>032CBBA317D0BDF3001205B1</key>
		<dict>
			<key>children</key>
			<array>
				<string>032CBBA417D0BDF3001205B1</string>
				<string>032CBBA517D0BDF3001205B1</string>
			</array>
			<key>isa</key>
			<string>PBXGroup</string>
			<key>name</key>
			<string>Supporting Files</string>
			<key>sourceTree</key>
			<string>&lt;group&gt;</string>
		</dict>
		<key>032CBBA417D0BDF3001205B1</key>
		<dict>
			<key>isa</key>
			<string>PBXFileReference</string>
			<key>lastKnownFileType</key>
			<string>text.plist.xml</string>
			<key>path</key>
			<string>PhotoBoxTests-Info.plist</string>
			<key>sourceTree</key>
			<string>&lt;group&gt;</string>
		</dict>
		<key>032CBBA517D0BDF3001205B1</key>
		<dict>
			<key>children</key>
			<array>
				<string>032CBBA617D0BDF3001205B1</string>
			</array>
			<key>isa</key>
			<string>PBXVariantGroup</string>
			<key>name</key>
			<string>InfoPlist.strings</string>
			<key>sourceTree</key>
			<string>&lt;group&gt;</string>
		</dict>
		<key>032CBBA617D0BDF3001205B1</key>
		<dict>
			<key>isa</key>
			<string>PBXFileReference</string>
			<key>lastKnownFileType</key>
			<string>text.plist.strings</string>
			<key>name</key>
			<string>en</string>
			<key>path</key>
			<string>en.lproj/InfoPlist.strings</string>
			<key>sourceTree</key>
			<string>&lt;group&gt;</string>
		</dict>
		<key>032CBBA717D0BDF3001205B1</key>
		<dict>
			<key>fileRef</key>
			<string>032CBBA517D0BDF3001205B1</string>
			<key>isa</key>
			<string>PBXBuildFile</string>
		</dict>
		<key>032CBBAA17D0BDF3001205B1</key>
		<dict>
			<key>buildSettings</key>
			<dict>
				<key>ALWAYS_SEARCH_USER_PATHS</key>
				<string>NO</string>
				<key>CLANG_CXX_LANGUAGE_STANDARD</key>
				<string>gnu++0x</string>
				<key>CLANG_CXX_LIBRARY</key>
				<string>libc++</string>
				<key>CLANG_ENABLE_MODULES</key>
				<string>YES</string>
				<key>CLANG_ENABLE_OBJC_ARC</key>
				<string>YES</string>
				<key>CLANG_WARN_BOOL_CONVERSION</key>
				<string>YES</string>
				<key>CLANG_WARN_CONSTANT_CONVERSION</key>
				<string>YES</string>
				<key>CLANG_WARN_DIRECT_OBJC_ISA_USAGE</key>
				<string>YES_ERROR</string>
				<key>CLANG_WARN_EMPTY_BODY</key>
				<string>YES</string>
				<key>CLANG_WARN_ENUM_CONVERSION</key>
				<string>YES</string>
				<key>CLANG_WARN_INT_CONVERSION</key>
				<string>YES</string>
				<key>CLANG_WARN_OBJC_ROOT_CLASS</key>
				<string>YES_ERROR</string>
				<key>CLANG_WARN__DUPLICATE_METHOD_MATCH</key>
				<string>YES</string>
				<key>CODE_SIGN_IDENTITY[sdk=iphoneos*]</key>
				<string>iPhone Developer</string>
				<key>COPY_PHASE_STRIP</key>
				<string>NO</string>
				<key>GCC_C_LANGUAGE_STANDARD</key>
				<string>gnu99</string>
				<key>GCC_DYNAMIC_NO_PIC</key>
				<string>NO</string>
				<key>GCC_OPTIMIZATION_LEVEL</key>
				<string>0</string>
				<key>GCC_PREPROCESSOR_DEFINITIONS</key>
				<array>
					<string>DEBUG=1</string>
					<string>$(inherited)</string>
				</array>
				<key>GCC_SYMBOLS_PRIVATE_EXTERN</key>
				<string>NO</string>
				<key>GCC_WARN_ABOUT_RETURN_TYPE</key>
				<string>YES_ERROR</string>
				<key>GCC_WARN_UNDECLARED_SELECTOR</key>
				<string>YES</string>
				<key>GCC_WARN_UNINITIALIZED_AUTOS</key>
				<string>YES</string>
				<key>GCC_WARN_UNUSED_FUNCTION</key>
				<string>YES</string>
				<key>GCC_WARN_UNUSED_VARIABLE</key>
				<string>YES</string>
				<key>IPHONEOS_DEPLOYMENT_TARGET</key>
				<string>7.0</string>
				<key>ONLY_ACTIVE_ARCH</key>
				<string>YES</string>
				<key>SDKROOT</key>
				<string>iphoneos</string>
			</dict>
			<key>isa</key>
			<string>XCBuildConfiguration</string>
			<key>name</key>
			<string>Debug</string>
		</dict>
		<key>032CBBAB17D0BDF3001205B1</key>
		<dict>
			<key>buildSettings</key>
			<dict>
				<key>ALWAYS_SEARCH_USER_PATHS</key>
				<string>NO</string>
				<key>CLANG_CXX_LANGUAGE_STANDARD</key>
				<string>gnu++0x</string>
				<key>CLANG_CXX_LIBRARY</key>
				<string>libc++</string>
				<key>CLANG_ENABLE_MODULES</key>
				<string>YES</string>
				<key>CLANG_ENABLE_OBJC_ARC</key>
				<string>YES</string>
				<key>CLANG_WARN_BOOL_CONVERSION</key>
				<string>YES</string>
				<key>CLANG_WARN_CONSTANT_CONVERSION</key>
				<string>YES</string>
				<key>CLANG_WARN_DIRECT_OBJC_ISA_USAGE</key>
				<string>YES_ERROR</string>
				<key>CLANG_WARN_EMPTY_BODY</key>
				<string>YES</string>
				<key>CLANG_WARN_ENUM_CONVERSION</key>
				<string>YES</string>
				<key>CLANG_WARN_INT_CONVERSION</key>
				<string>YES</string>
				<key>CLANG_WARN_OBJC_ROOT_CLASS</key>
				<string>YES_ERROR</string>
				<key>CLANG_WARN__DUPLICATE_METHOD_MATCH</key>
				<string>YES</string>
				<key>CODE_SIGN_IDENTITY[sdk=iphoneos*]</key>
				<string>iPhone Developer</string>
				<key>COPY_PHASE_STRIP</key>
				<string>YES</string>
				<key>ENABLE_NS_ASSERTIONS</key>
				<string>NO</string>
				<key>GCC_C_LANGUAGE_STANDARD</key>
				<string>gnu99</string>
				<key>GCC_WARN_ABOUT_RETURN_TYPE</key>
				<string>YES_ERROR</string>
				<key>GCC_WARN_UNDECLARED_SELECTOR</key>
				<string>YES</string>
				<key>GCC_WARN_UNINITIALIZED_AUTOS</key>
				<string>YES</string>
				<key>GCC_WARN_UNUSED_FUNCTION</key>
				<string>YES</string>
				<key>GCC_WARN_UNUSED_VARIABLE</key>
				<string>YES</string>
				<key>IPHONEOS_DEPLOYMENT_TARGET</key>
				<string>7.0</string>
				<key>SDKROOT</key>
				<string>iphoneos</string>
				<key>VALIDATE_PRODUCT</key>
				<string>YES</string>
			</dict>
			<key>isa</key>
			<string>XCBuildConfiguration</string>
			<key>name</key>
			<string>Release</string>
		</dict>
		<key>032CBBAC17D0BDF3001205B1</key>
		<dict>
			<key>buildConfigurations</key>
			<array>
				<string>032CBBAD17D0BDF3001205B1</string>
				<string>032CBBAE17D0BDF3001205B1</string>
			</array>
			<key>defaultConfigurationIsVisible</key>
			<string>0</string>
			<key>defaultConfigurationName</key>
			<string>Release</string>
			<key>isa</key>
			<string>XCConfigurationList</string>
		</dict>
		<key>032CBBAD17D0BDF3001205B1</key>
		<dict>
			<key>baseConfigurationReference</key>
			<string>2D8562143BB5431496ECF57D</string>
			<key>buildSettings</key>
			<dict>
				<key>ASSETCATALOG_COMPILER_APPICON_NAME</key>
				<string>AppIcon</string>
				<key>ASSETCATALOG_COMPILER_LAUNCHIMAGE_NAME</key>
				<string>LaunchImage</string>
				<key>FRAMEWORK_SEARCH_PATHS</key>
				<array>
					<string>$(inherited)</string>
					<string>/Users/nico/Dropbox/Project/Fun/PhotoBox</string>
				</array>
				<key>GCC_PRECOMPILE_PREFIX_HEADER</key>
				<string>YES</string>
				<key>GCC_PREFIX_HEADER</key>
				<string>PhotoBox/PhotoBox-Prefix.pch</string>
				<key>INFOPLIST_FILE</key>
				<string>PhotoBox/PhotoBox-Info.plist</string>
				<key>OTHER_LDFLAGS</key>
				<array>
					<string>$(inherited)</string>
					<string>-ObjC</string>
					<string>-framework</string>
					<string>Accelerate</string>
					<string>-framework</string>
					<string>CFNetwork</string>
					<string>-framework</string>
					<string>CoreGraphics</string>
					<string>-framework</string>
					<string>MobileCoreServices</string>
					<string>-framework</string>
					<string>QuartzCore</string>
					<string>-framework</string>
					<string>Security</string>
					<string>-framework</string>
					<string>SystemConfiguration</string>
					<string>-weak_framework</string>
					<string>CoreTelephony</string>
					<string>-weak_framework</string>
					<string>StoreKit</string>
					<string>-framework</string>
					<string>Reveal</string>
					<string>-weak_framework</string>
					<string>Crashlytics</string>
				</array>
				<key>PRODUCT_NAME</key>
				<string>$(TARGET_NAME)</string>
				<key>WRAPPER_EXTENSION</key>
				<string>app</string>
			</dict>
			<key>isa</key>
			<string>XCBuildConfiguration</string>
			<key>name</key>
			<string>Debug</string>
		</dict>
		<key>032CBBAE17D0BDF3001205B1</key>
		<dict>
			<key>baseConfigurationReference</key>
			<string>2D8562143BB5431496ECF57D</string>
			<key>buildSettings</key>
			<dict>
				<key>ASSETCATALOG_COMPILER_APPICON_NAME</key>
				<string>AppIcon</string>
				<key>ASSETCATALOG_COMPILER_LAUNCHIMAGE_NAME</key>
				<string>LaunchImage</string>
				<key>FRAMEWORK_SEARCH_PATHS</key>
				<array>
					<string>$(inherited)</string>
					<string>/Users/nico/Dropbox/Project/Fun/PhotoBox</string>
				</array>
				<key>GCC_PRECOMPILE_PREFIX_HEADER</key>
				<string>YES</string>
				<key>GCC_PREFIX_HEADER</key>
				<string>PhotoBox/PhotoBox-Prefix.pch</string>
				<key>INFOPLIST_FILE</key>
				<string>PhotoBox/PhotoBox-Info.plist</string>
				<key>OTHER_LDFLAGS</key>
				<array>
					<string>$(inherited)</string>
					<string>-ObjC</string>
					<string>-framework</string>
					<string>CoreGraphics</string>
					<string>-framework</string>
					<string>MobileCoreServices</string>
					<string>-framework</string>
					<string>QuartzCore</string>
					<string>-framework</string>
					<string>Security</string>
					<string>-framework</string>
					<string>SystemConfiguration</string>
					<string>-weak_framework</string>
					<string>Crashlytics</string>
				</array>
				<key>PRODUCT_NAME</key>
				<string>$(TARGET_NAME)</string>
				<key>WRAPPER_EXTENSION</key>
				<string>app</string>
			</dict>
			<key>isa</key>
			<string>XCBuildConfiguration</string>
			<key>name</key>
			<string>Release</string>
		</dict>
		<key>032CBBAF17D0BDF3001205B1</key>
		<dict>
			<key>buildConfigurations</key>
			<array>
				<string>032CBBB017D0BDF3001205B1</string>
				<string>032CBBB117D0BDF3001205B1</string>
			</array>
			<key>defaultConfigurationIsVisible</key>
			<string>0</string>
			<key>defaultConfigurationName</key>
			<string>Release</string>
			<key>isa</key>
			<string>XCConfigurationList</string>
		</dict>
		<key>032CBBB017D0BDF3001205B1</key>
		<dict>
			<key>baseConfigurationReference</key>
			<string>7886DE63DB6640C196C77B87</string>
			<key>buildSettings</key>
			<dict>
				<key>BUNDLE_LOADER</key>
				<string>$(BUILT_PRODUCTS_DIR)/PhotoBox.app/PhotoBox</string>
				<key>FRAMEWORK_SEARCH_PATHS</key>
				<array>
					<string>$(SDKROOT)/Developer/Library/Frameworks</string>
					<string>$(inherited)</string>
					<string>$(DEVELOPER_FRAMEWORKS_DIR)</string>
				</array>
				<key>GCC_PRECOMPILE_PREFIX_HEADER</key>
				<string>YES</string>
				<key>GCC_PREFIX_HEADER</key>
				<string>PhotoBox/PhotoBox-Prefix.pch</string>
				<key>GCC_PREPROCESSOR_DEFINITIONS</key>
				<array>
					<string>DEBUG=1</string>
					<string>$(inherited)</string>
				</array>
				<key>HEADER_SEARCH_PATHS</key>
				<array>
					<string>$(inherited)</string>
					<string>"${PODS_ROOT}/Headers"</string>
					<string>"${PODS_ROOT}/Headers/AFNetworking"</string>
					<string>"${PODS_ROOT}/Headers/AFOAuth1Client"</string>
					<string>"${PODS_ROOT}/Headers/Mantle"</string>
					<string>"${PODS_ROOT}/Headers/NPRImageView"</string>
					<string>"${PODS_ROOT}/Headers/NSDate+TimeAgo"</string>
					<string>"${PODS_ROOT}/Headers/NSDate-Escort"</string>
					<string>"${PODS_ROOT}/Headers/OCMock"</string>
					<string>"${PODS_ROOT}/Headers/UIColor+MLPFlatColors"</string>
					<string>"${PODS_ROOT}/Headers/UIView+AutoLayout"</string>
					<string>"${PODS_ROOT}/Headers/iOS-blur"</string>
					<string>"${PODS_ROOT}/Headers/libextobjc"</string>
					<string>$(PROJECT_DIR)/[..]/Pods/BuildHeaders/**</string>
				</array>
				<key>INFOPLIST_FILE</key>
				<string>PhotoBoxTests/PhotoBoxTests-Info.plist</string>
				<key>PRODUCT_NAME</key>
				<string>$(TARGET_NAME)</string>
				<key>TEST_HOST</key>
				<string>$(BUNDLE_LOADER)</string>
				<key>WRAPPER_EXTENSION</key>
				<string>xctest</string>
			</dict>
			<key>isa</key>
			<string>XCBuildConfiguration</string>
			<key>name</key>
			<string>Debug</string>
		</dict>
		<key>032CBBB117D0BDF3001205B1</key>
		<dict>
			<key>baseConfigurationReference</key>
			<string>7886DE63DB6640C196C77B87</string>
			<key>buildSettings</key>
			<dict>
				<key>BUNDLE_LOADER</key>
				<string>$(BUILT_PRODUCTS_DIR)/PhotoBox.app/PhotoBox</string>
				<key>FRAMEWORK_SEARCH_PATHS</key>
				<array>
					<string>$(SDKROOT)/Developer/Library/Frameworks</string>
					<string>$(inherited)</string>
					<string>$(DEVELOPER_FRAMEWORKS_DIR)</string>
				</array>
				<key>GCC_PRECOMPILE_PREFIX_HEADER</key>
				<string>YES</string>
				<key>GCC_PREFIX_HEADER</key>
				<string>PhotoBox/PhotoBox-Prefix.pch</string>
				<key>HEADER_SEARCH_PATHS</key>
				<array>
					<string>$(inherited)</string>
					<string>"${PODS_ROOT}/Headers"</string>
					<string>"${PODS_ROOT}/Headers/AFNetworking"</string>
					<string>"${PODS_ROOT}/Headers/AFOAuth1Client"</string>
					<string>"${PODS_ROOT}/Headers/Mantle"</string>
					<string>"${PODS_ROOT}/Headers/NPRImageView"</string>
					<string>"${PODS_ROOT}/Headers/NSDate+TimeAgo"</string>
					<string>"${PODS_ROOT}/Headers/NSDate-Escort"</string>
					<string>"${PODS_ROOT}/Headers/OCMock"</string>
					<string>"${PODS_ROOT}/Headers/UIColor+MLPFlatColors"</string>
					<string>"${PODS_ROOT}/Headers/UIView+AutoLayout"</string>
					<string>"${PODS_ROOT}/Headers/iOS-blur"</string>
					<string>"${PODS_ROOT}/Headers/libextobjc"</string>
					<string>$(PROJECT_DIR)/[..]/Pods/BuildHeaders/**</string>
				</array>
				<key>INFOPLIST_FILE</key>
				<string>PhotoBoxTests/PhotoBoxTests-Info.plist</string>
				<key>PRODUCT_NAME</key>
				<string>$(TARGET_NAME)</string>
				<key>TEST_HOST</key>
				<string>$(BUNDLE_LOADER)</string>
				<key>WRAPPER_EXTENSION</key>
				<string>xctest</string>
			</dict>
			<key>isa</key>
			<string>XCBuildConfiguration</string>
			<key>name</key>
			<string>Release</string>
		</dict>
		<key>0337523B17D382D200928409</key>
		<dict>
			<key>children</key>
			<array>
				<string>0337524517D3953100928409</string>
				<string>0337524617D3953100928409</string>
				<string>032B0D1C17D4CF4800ABFA9F</string>
				<string>032B0D1D17D4CF4800ABFA9F</string>
			</array>
			<key>isa</key>
			<string>PBXGroup</string>
			<key>name</key>
			<string>Others</string>
			<key>sourceTree</key>
			<string>&lt;group&gt;</string>
		</dict>
		<key>0337524517D3953100928409</key>
		<dict>
			<key>fileEncoding</key>
			<string>4</string>
			<key>isa</key>
			<string>PBXFileReference</string>
			<key>lastKnownFileType</key>
			<string>sourcecode.c.h</string>
			<key>name</key>
			<string>OpenInActivity.h</string>
			<key>path</key>
			<string>PhotoBox/Others/OpenInActivity.h</string>
			<key>sourceTree</key>
			<string>&lt;group&gt;</string>
		</dict>
		<key>0337524617D3953100928409</key>
		<dict>
			<key>fileEncoding</key>
			<string>4</string>
			<key>isa</key>
			<string>PBXFileReference</string>
			<key>lastKnownFileType</key>
			<string>sourcecode.c.objc</string>
			<key>name</key>
			<string>OpenInActivity.m</string>
			<key>path</key>
			<string>PhotoBox/Others/OpenInActivity.m</string>
			<key>sourceTree</key>
			<string>&lt;group&gt;</string>
		</dict>
		<key>0337524717D3953100928409</key>
		<dict>
			<key>fileRef</key>
			<string>0337524617D3953100928409</string>
			<key>isa</key>
			<string>PBXBuildFile</string>
		</dict>
		<key>0348D22317DA208000C932BA</key>
		<dict>
			<key>fileEncoding</key>
			<string>4</string>
			<key>isa</key>
			<string>PBXFileReference</string>
			<key>lastKnownFileType</key>
			<string>sourcecode.c.h</string>
			<key>path</key>
			<string>MWInterpollationMotionEffect.h</string>
			<key>sourceTree</key>
			<string>&lt;group&gt;</string>
		</dict>
		<key>0348D22417DA208000C932BA</key>
		<dict>
			<key>fileEncoding</key>
			<string>4</string>
			<key>isa</key>
			<string>PBXFileReference</string>
			<key>lastKnownFileType</key>
			<string>sourcecode.c.objc</string>
			<key>path</key>
			<string>MWInterpollationMotionEffect.m</string>
			<key>sourceTree</key>
			<string>&lt;group&gt;</string>
		</dict>
		<key>0348D22517DA208000C932BA</key>
		<dict>
			<key>fileEncoding</key>
			<string>4</string>
			<key>isa</key>
			<string>PBXFileReference</string>
			<key>lastKnownFileType</key>
			<string>sourcecode.c.h</string>
			<key>path</key>
			<string>UIView+NGAParallaxMotion.h</string>
			<key>sourceTree</key>
			<string>&lt;group&gt;</string>
		</dict>
		<key>0348D22617DA208000C932BA</key>
		<dict>
			<key>fileEncoding</key>
			<string>4</string>
			<key>isa</key>
			<string>PBXFileReference</string>
			<key>lastKnownFileType</key>
			<string>sourcecode.c.objc</string>
			<key>path</key>
			<string>UIView+NGAParallaxMotion.m</string>
			<key>sourceTree</key>
			<string>&lt;group&gt;</string>
		</dict>
		<key>0348D22717DA208000C932BA</key>
		<dict>
			<key>fileRef</key>
			<string>0348D22417DA208000C932BA</string>
			<key>isa</key>
			<string>PBXBuildFile</string>
		</dict>
		<key>0348D22817DA208000C932BA</key>
		<dict>
			<key>fileRef</key>
			<string>0348D22617DA208000C932BA</string>
			<key>isa</key>
			<string>PBXBuildFile</string>
		</dict>
		<key>0348D22C17DA259100C932BA</key>
		<dict>
			<key>buildActionMask</key>
			<string>2147483647</string>
			<key>files</key>
			<array/>
			<key>inputPaths</key>
			<array/>
			<key>isa</key>
			<string>PBXShellScriptBuildPhase</string>
			<key>name</key>
			<string>Crashlytics</string>
			<key>outputPaths</key>
			<array/>
			<key>runOnlyForDeploymentPostprocessing</key>
			<string>0</string>
			<key>shellPath</key>
			<string>/bin/sh</string>
			<key>shellScript</key>
			<string>./Crashlytics.framework/run e2c34125953b33a5ab021b095a449f744b70187a</string>
		</dict>
		<key>0348D22F17DA263500C932BA</key>
		<dict>
			<key>fileEncoding</key>
			<string>4</string>
			<key>isa</key>
			<string>PBXFileReference</string>
			<key>lastKnownFileType</key>
			<string>text.plist.xml</string>
			<key>path</key>
			<string>Crashlytics.plist</string>
			<key>sourceTree</key>
			<string>&lt;group&gt;</string>
		</dict>
		<key>0348D23017DA263500C932BA</key>
		<dict>
			<key>fileRef</key>
			<string>0348D22F17DA263500C932BA</string>
			<key>isa</key>
			<string>PBXBuildFile</string>
		</dict>
		<key>0348D23317DA2CC400C932BA</key>
		<dict>
			<key>isa</key>
			<string>PBXFileReference</string>
			<key>lastKnownFileType</key>
			<string>wrapper.framework</string>
			<key>path</key>
			<string>Crashlytics.framework</string>
			<key>sourceTree</key>
			<string>&lt;group&gt;</string>
		</dict>
		<key>0358467117D1BBE400E196D7</key>
		<dict>
			<key>children</key>
			<array>
				<string>035846C617D3470A00E196D7</string>
				<string>035846B417D23F9700E196D7</string>
				<string>0358468017D1C0E800E196D7</string>
				<string>0358467217D1BC1D00E196D7</string>
				<string>0358467317D1BC1D00E196D7</string>
				<string>0358467517D1BC3D00E196D7</string>
				<string>0358467617D1BC3D00E196D7</string>
				<string>0358467817D1BCC000E196D7</string>
				<string>0358467917D1BCC000E196D7</string>
				<string>035846A617D2021100E196D7</string>
				<string>035846A717D2021100E196D7</string>
				<string>035846BE17D255A600E196D7</string>
				<string>035846BF17D255A600E196D7</string>
				<string>03AE182417D8B004009CD844</string>
				<string>03AE182517D8B004009CD844</string>
			</array>
			<key>isa</key>
			<string>PBXGroup</string>
			<key>name</key>
			<string>Controllers</string>
			<key>sourceTree</key>
			<string>&lt;group&gt;</string>
		</dict>
		<key>0358467217D1BC1D00E196D7</key>
		<dict>
			<key>fileEncoding</key>
			<string>4</string>
			<key>isa</key>
			<string>PBXFileReference</string>
			<key>lastKnownFileType</key>
			<string>sourcecode.c.h</string>
			<key>name</key>
			<string>PhotoBoxViewController.h</string>
			<key>path</key>
			<string>PhotoBox/Controllers/PhotoBoxViewController.h</string>
			<key>sourceTree</key>
			<string>&lt;group&gt;</string>
		</dict>
		<key>0358467317D1BC1D00E196D7</key>
		<dict>
			<key>fileEncoding</key>
			<string>4</string>
			<key>isa</key>
			<string>PBXFileReference</string>
			<key>lastKnownFileType</key>
			<string>sourcecode.c.objc</string>
			<key>name</key>
			<string>PhotoBoxViewController.m</string>
			<key>path</key>
			<string>PhotoBox/Controllers/PhotoBoxViewController.m</string>
			<key>sourceTree</key>
			<string>&lt;group&gt;</string>
		</dict>
		<key>0358467417D1BC1D00E196D7</key>
		<dict>
			<key>fileRef</key>
			<string>0358467317D1BC1D00E196D7</string>
			<key>isa</key>
			<string>PBXBuildFile</string>
		</dict>
		<key>0358467517D1BC3D00E196D7</key>
		<dict>
			<key>fileEncoding</key>
			<string>4</string>
			<key>isa</key>
			<string>PBXFileReference</string>
			<key>lastKnownFileType</key>
			<string>sourcecode.c.h</string>
			<key>name</key>
			<string>TagsViewController.h</string>
			<key>path</key>
			<string>PhotoBox/Controllers/TagsViewController.h</string>
			<key>sourceTree</key>
			<string>&lt;group&gt;</string>
		</dict>
		<key>0358467617D1BC3D00E196D7</key>
		<dict>
			<key>fileEncoding</key>
			<string>4</string>
			<key>isa</key>
			<string>PBXFileReference</string>
			<key>lastKnownFileType</key>
			<string>sourcecode.c.objc</string>
			<key>name</key>
			<string>TagsViewController.m</string>
			<key>path</key>
			<string>PhotoBox/Controllers/TagsViewController.m</string>
			<key>sourceTree</key>
			<string>&lt;group&gt;</string>
		</dict>
		<key>0358467717D1BC3D00E196D7</key>
		<dict>
			<key>fileRef</key>
			<string>0358467617D1BC3D00E196D7</string>
			<key>isa</key>
			<string>PBXBuildFile</string>
		</dict>
		<key>0358467817D1BCC000E196D7</key>
		<dict>
			<key>fileEncoding</key>
			<string>4</string>
			<key>isa</key>
			<string>PBXFileReference</string>
			<key>lastKnownFileType</key>
			<string>sourcecode.c.h</string>
			<key>name</key>
			<string>AlbumsViewController.h</string>
			<key>path</key>
			<string>PhotoBox/Controllers/AlbumsViewController.h</string>
			<key>sourceTree</key>
			<string>&lt;group&gt;</string>
		</dict>
		<key>0358467917D1BCC000E196D7</key>
		<dict>
			<key>fileEncoding</key>
			<string>4</string>
			<key>isa</key>
			<string>PBXFileReference</string>
			<key>lastKnownFileType</key>
			<string>sourcecode.c.objc</string>
			<key>name</key>
			<string>AlbumsViewController.m</string>
			<key>path</key>
			<string>PhotoBox/Controllers/AlbumsViewController.m</string>
			<key>sourceTree</key>
			<string>&lt;group&gt;</string>
		</dict>
		<key>0358467A17D1BCC000E196D7</key>
		<dict>
			<key>fileRef</key>
			<string>0358467917D1BCC000E196D7</string>
			<key>isa</key>
			<string>PBXBuildFile</string>
		</dict>
		<key>0358468017D1C0E800E196D7</key>
		<dict>
			<key>children</key>
			<array>
				<string>0358468117D1C0E800E196D7</string>
				<string>0358468217D1C0E800E196D7</string>
				<string>035846AC17D22D4400E196D7</string>
				<string>035846AD17D22D4400E196D7</string>
			</array>
			<key>isa</key>
			<string>PBXGroup</string>
			<key>name</key>
			<string>DataSource</string>
			<key>path</key>
			<string>PhotoBox/Controllers/DataSource</string>
			<key>sourceTree</key>
			<string>&lt;group&gt;</string>
		</dict>
		<key>0358468117D1C0E800E196D7</key>
		<dict>
			<key>fileEncoding</key>
			<string>4</string>
			<key>isa</key>
			<string>PBXFileReference</string>
			<key>lastKnownFileType</key>
			<string>sourcecode.c.h</string>
			<key>path</key>
			<string>CollectionViewDataSource.h</string>
			<key>sourceTree</key>
			<string>&lt;group&gt;</string>
		</dict>
		<key>0358468217D1C0E800E196D7</key>
		<dict>
			<key>fileEncoding</key>
			<string>4</string>
			<key>isa</key>
			<string>PBXFileReference</string>
			<key>lastKnownFileType</key>
			<string>sourcecode.c.objc</string>
			<key>path</key>
			<string>CollectionViewDataSource.m</string>
			<key>sourceTree</key>
			<string>&lt;group&gt;</string>
		</dict>
		<key>0358468317D1C0E800E196D7</key>
		<dict>
			<key>fileRef</key>
			<string>0358468217D1C0E800E196D7</string>
			<key>isa</key>
			<string>PBXBuildFile</string>
		</dict>
		<key>0358468417D1C17000E196D7</key>
		<dict>
			<key>children</key>
			<array>
				<string>0358468517D1C19A00E196D7</string>
				<string>0358468617D1C19A00E196D7</string>
				<string>0358468817D1C1B100E196D7</string>
				<string>0358468917D1C1B100E196D7</string>
				<string>035846A917D20B8100E196D7</string>
				<string>035846AA17D20B8100E196D7</string>
				<string>035846B817D2403500E196D7</string>
				<string>035846B917D2403500E196D7</string>
				<string>035846C117D2598600E196D7</string>
				<string>035846C217D2598600E196D7</string>
			</array>
			<key>isa</key>
			<string>PBXGroup</string>
			<key>name</key>
			<string>Cells</string>
			<key>sourceTree</key>
			<string>&lt;group&gt;</string>
		</dict>
		<key>0358468517D1C19A00E196D7</key>
		<dict>
			<key>fileEncoding</key>
			<string>4</string>
			<key>isa</key>
			<string>PBXFileReference</string>
			<key>lastKnownFileType</key>
			<string>sourcecode.c.h</string>
			<key>name</key>
			<string>PhotoBoxCell.h</string>
			<key>path</key>
			<string>PhotoBox/Cells/PhotoBoxCell.h</string>
			<key>sourceTree</key>
			<string>&lt;group&gt;</string>
		</dict>
		<key>0358468617D1C19A00E196D7</key>
		<dict>
			<key>fileEncoding</key>
			<string>4</string>
			<key>isa</key>
			<string>PBXFileReference</string>
			<key>lastKnownFileType</key>
			<string>sourcecode.c.objc</string>
			<key>name</key>
			<string>PhotoBoxCell.m</string>
			<key>path</key>
			<string>PhotoBox/Cells/PhotoBoxCell.m</string>
			<key>sourceTree</key>
			<string>&lt;group&gt;</string>
		</dict>
		<key>0358468717D1C19A00E196D7</key>
		<dict>
			<key>fileRef</key>
			<string>0358468617D1C19A00E196D7</string>
			<key>isa</key>
			<string>PBXBuildFile</string>
		</dict>
		<key>0358468817D1C1B100E196D7</key>
		<dict>
			<key>fileEncoding</key>
			<string>4</string>
			<key>isa</key>
			<string>PBXFileReference</string>
			<key>lastKnownFileType</key>
			<string>sourcecode.c.h</string>
			<key>name</key>
			<string>AlbumCell.h</string>
			<key>path</key>
			<string>PhotoBox/Cells/AlbumCell.h</string>
			<key>sourceTree</key>
			<string>&lt;group&gt;</string>
		</dict>
		<key>0358468917D1C1B100E196D7</key>
		<dict>
			<key>fileEncoding</key>
			<string>4</string>
			<key>isa</key>
			<string>PBXFileReference</string>
			<key>lastKnownFileType</key>
			<string>sourcecode.c.objc</string>
			<key>name</key>
			<string>AlbumCell.m</string>
			<key>path</key>
			<string>PhotoBox/Cells/AlbumCell.m</string>
			<key>sourceTree</key>
			<string>&lt;group&gt;</string>
		</dict>
		<key>0358468A17D1C1B100E196D7</key>
		<dict>
			<key>fileRef</key>
			<string>0358468917D1C1B100E196D7</string>
			<key>isa</key>
			<string>PBXBuildFile</string>
		</dict>
		<key>0358468B17D1CD1300E196D7</key>
		<dict>
			<key>isa</key>
			<string>PBXFileReference</string>
			<key>lastKnownFileType</key>
			<string>wrapper.framework</string>
			<key>path</key>
			<string>Reveal.framework</string>
			<key>sourceTree</key>
			<string>&lt;group&gt;</string>
		</dict>
		<key>0358468C17D1CD2500E196D7</key>
		<dict>
			<key>isa</key>
			<string>PBXFileReference</string>
			<key>lastKnownFileType</key>
			<string>wrapper.framework</string>
			<key>name</key>
			<string>CFNetwork.framework</string>
			<key>path</key>
			<string>System/Library/Frameworks/CFNetwork.framework</string>
			<key>sourceTree</key>
			<string>SDKROOT</string>
		</dict>
		<key>0358468D17D1CD2500E196D7</key>
		<dict>
			<key>fileRef</key>
			<string>0358468C17D1CD2500E196D7</string>
			<key>isa</key>
			<string>PBXBuildFile</string>
		</dict>
		<key>0358468E17D1CD2A00E196D7</key>
		<dict>
			<key>isa</key>
			<string>PBXFileReference</string>
			<key>lastKnownFileType</key>
			<string>wrapper.framework</string>
			<key>name</key>
			<string>QuartzCore.framework</string>
			<key>path</key>
			<string>System/Library/Frameworks/QuartzCore.framework</string>
			<key>sourceTree</key>
			<string>SDKROOT</string>
		</dict>
		<key>0358468F17D1CD2A00E196D7</key>
		<dict>
			<key>fileRef</key>
			<string>0358468E17D1CD2A00E196D7</string>
			<key>isa</key>
			<string>PBXBuildFile</string>
		</dict>
		<key>0358469617D1D42700E196D7</key>
		<dict>
			<key>fileEncoding</key>
			<string>4</string>
			<key>isa</key>
			<string>PBXFileReference</string>
			<key>lastKnownFileType</key>
			<string>sourcecode.c.h</string>
			<key>path</key>
			<string>UIViewController+Additionals.h</string>
			<key>sourceTree</key>
			<string>&lt;group&gt;</string>
		</dict>
		<key>0358469717D1D42700E196D7</key>
		<dict>
			<key>fileEncoding</key>
			<string>4</string>
			<key>isa</key>
			<string>PBXFileReference</string>
			<key>lastKnownFileType</key>
			<string>sourcecode.c.objc</string>
			<key>path</key>
			<string>UIViewController+Additionals.m</string>
			<key>sourceTree</key>
			<string>&lt;group&gt;</string>
		</dict>
		<key>0358469817D1D42700E196D7</key>
		<dict>
			<key>fileRef</key>
			<string>0358469717D1D42700E196D7</string>
			<key>isa</key>
			<string>PBXBuildFile</string>
		</dict>
		<key>0358469917D1D72000E196D7</key>
		<dict>
			<key>fileEncoding</key>
			<string>4</string>
			<key>isa</key>
			<string>PBXFileReference</string>
			<key>lastKnownFileType</key>
			<string>sourcecode.c.h</string>
			<key>path</key>
			<string>UIScrollView+Additionals.h</string>
			<key>sourceTree</key>
			<string>&lt;group&gt;</string>
		</dict>
		<key>0358469A17D1D72000E196D7</key>
		<dict>
			<key>fileEncoding</key>
			<string>4</string>
			<key>isa</key>
			<string>PBXFileReference</string>
			<key>lastKnownFileType</key>
			<string>sourcecode.c.objc</string>
			<key>path</key>
			<string>UIScrollView+Additionals.m</string>
			<key>sourceTree</key>
			<string>&lt;group&gt;</string>
		</dict>
		<key>0358469B17D1D72000E196D7</key>
		<dict>
			<key>fileRef</key>
			<string>0358469A17D1D72000E196D7</string>
			<key>isa</key>
			<string>PBXBuildFile</string>
		</dict>
		<key>0358469F17D1F8F100E196D7</key>
		<dict>
			<key>children</key>
			<array>
				<string>035846A017D1F91000E196D7</string>
				<string>035846A117D1F91000E196D7</string>
			</array>
			<key>isa</key>
			<string>PBXGroup</string>
			<key>name</key>
			<string>Views</string>
			<key>sourceTree</key>
			<string>&lt;group&gt;</string>
		</dict>
		<key>035846A017D1F91000E196D7</key>
		<dict>
			<key>fileEncoding</key>
			<string>4</string>
			<key>isa</key>
			<string>PBXFileReference</string>
			<key>lastKnownFileType</key>
			<string>sourcecode.c.h</string>
			<key>name</key>
			<string>AlbumTitleView.h</string>
			<key>path</key>
			<string>PhotoBox/Views/AlbumTitleView.h</string>
			<key>sourceTree</key>
			<string>&lt;group&gt;</string>
		</dict>
		<key>035846A117D1F91000E196D7</key>
		<dict>
			<key>fileEncoding</key>
			<string>4</string>
			<key>isa</key>
			<string>PBXFileReference</string>
			<key>lastKnownFileType</key>
			<string>sourcecode.c.objc</string>
			<key>name</key>
			<string>AlbumTitleView.m</string>
			<key>path</key>
			<string>PhotoBox/Views/AlbumTitleView.m</string>
			<key>sourceTree</key>
			<string>&lt;group&gt;</string>
		</dict>
		<key>035846A217D1F91000E196D7</key>
		<dict>
			<key>fileRef</key>
			<string>035846A117D1F91000E196D7</string>
			<key>isa</key>
			<string>PBXBuildFile</string>
		</dict>
		<key>035846A617D2021100E196D7</key>
		<dict>
			<key>fileEncoding</key>
			<string>4</string>
			<key>isa</key>
			<string>PBXFileReference</string>
			<key>lastKnownFileType</key>
			<string>sourcecode.c.h</string>
			<key>name</key>
			<string>PhotosViewController.h</string>
			<key>path</key>
			<string>PhotoBox/Controllers/PhotosViewController.h</string>
			<key>sourceTree</key>
			<string>&lt;group&gt;</string>
		</dict>
		<key>035846A717D2021100E196D7</key>
		<dict>
			<key>fileEncoding</key>
			<string>4</string>
			<key>isa</key>
			<string>PBXFileReference</string>
			<key>lastKnownFileType</key>
			<string>sourcecode.c.objc</string>
			<key>name</key>
			<string>PhotosViewController.m</string>
			<key>path</key>
			<string>PhotoBox/Controllers/PhotosViewController.m</string>
			<key>sourceTree</key>
			<string>&lt;group&gt;</string>
		</dict>
		<key>035846A817D2021100E196D7</key>
		<dict>
			<key>fileRef</key>
			<string>035846A717D2021100E196D7</string>
			<key>isa</key>
			<string>PBXBuildFile</string>
		</dict>
		<key>035846A917D20B8100E196D7</key>
		<dict>
			<key>fileEncoding</key>
			<string>4</string>
			<key>isa</key>
			<string>PBXFileReference</string>
			<key>lastKnownFileType</key>
			<string>sourcecode.c.h</string>
			<key>name</key>
			<string>PhotoCell.h</string>
			<key>path</key>
			<string>PhotoBox/Cells/PhotoCell.h</string>
			<key>sourceTree</key>
			<string>&lt;group&gt;</string>
		</dict>
		<key>035846AA17D20B8100E196D7</key>
		<dict>
			<key>fileEncoding</key>
			<string>4</string>
			<key>isa</key>
			<string>PBXFileReference</string>
			<key>lastKnownFileType</key>
			<string>sourcecode.c.objc</string>
			<key>name</key>
			<string>PhotoCell.m</string>
			<key>path</key>
			<string>PhotoBox/Cells/PhotoCell.m</string>
			<key>sourceTree</key>
			<string>&lt;group&gt;</string>
		</dict>
		<key>035846AB17D20B8100E196D7</key>
		<dict>
			<key>fileRef</key>
			<string>035846AA17D20B8100E196D7</string>
			<key>isa</key>
			<string>PBXBuildFile</string>
		</dict>
		<key>035846AC17D22D4400E196D7</key>
		<dict>
			<key>fileEncoding</key>
			<string>4</string>
			<key>isa</key>
			<string>PBXFileReference</string>
			<key>lastKnownFileType</key>
			<string>sourcecode.c.h</string>
			<key>path</key>
			<string>PhotosViewControllerDataSource.h</string>
			<key>sourceTree</key>
			<string>&lt;group&gt;</string>
		</dict>
		<key>035846AD17D22D4400E196D7</key>
		<dict>
			<key>fileEncoding</key>
			<string>4</string>
			<key>isa</key>
			<string>PBXFileReference</string>
			<key>lastKnownFileType</key>
			<string>sourcecode.c.objc</string>
			<key>path</key>
			<string>PhotosViewControllerDataSource.m</string>
			<key>sourceTree</key>
			<string>&lt;group&gt;</string>
		</dict>
		<key>035846AE17D22D4400E196D7</key>
		<dict>
			<key>fileRef</key>
			<string>035846AD17D22D4400E196D7</string>
			<key>isa</key>
			<string>PBXBuildFile</string>
		</dict>
		<key>035846AF17D2312500E196D7</key>
		<dict>
			<key>fileEncoding</key>
			<string>4</string>
			<key>isa</key>
			<string>PBXFileReference</string>
			<key>lastKnownFileType</key>
			<string>sourcecode.c.h</string>
			<key>path</key>
			<string>NSArray+Additionals.h</string>
			<key>sourceTree</key>
			<string>&lt;group&gt;</string>
		</dict>
		<key>035846B017D2312500E196D7</key>
		<dict>
			<key>fileEncoding</key>
			<string>4</string>
			<key>isa</key>
			<string>PBXFileReference</string>
			<key>lastKnownFileType</key>
			<string>sourcecode.c.objc</string>
			<key>path</key>
			<string>NSArray+Additionals.m</string>
			<key>sourceTree</key>
			<string>&lt;group&gt;</string>
		</dict>
		<key>035846B117D2312500E196D7</key>
		<dict>
			<key>fileRef</key>
			<string>035846B017D2312500E196D7</string>
			<key>isa</key>
			<string>PBXBuildFile</string>
		</dict>
		<key>035846B217D2339200E196D7</key>
		<dict>
			<key>fileEncoding</key>
			<string>4</string>
			<key>isa</key>
			<string>PBXFileReference</string>
			<key>lastKnownFileType</key>
			<string>sourcecode.c.objc</string>
			<key>path</key>
			<string>NSArray+AdditionalTests.m</string>
			<key>sourceTree</key>
			<string>&lt;group&gt;</string>
		</dict>
		<key>035846B317D2339200E196D7</key>
		<dict>
			<key>fileRef</key>
			<string>035846B217D2339200E196D7</string>
			<key>isa</key>
			<string>PBXBuildFile</string>
		</dict>
		<key>035846B417D23F9700E196D7</key>
		<dict>
			<key>children</key>
			<array>
				<string>035846B517D23FB800E196D7</string>
				<string>035846B617D23FB800E196D7</string>
			</array>
			<key>isa</key>
			<string>PBXGroup</string>
			<key>name</key>
			<string>Layout</string>
			<key>sourceTree</key>
			<string>&lt;group&gt;</string>
		</dict>
		<key>035846B517D23FB800E196D7</key>
		<dict>
			<key>fileEncoding</key>
			<string>4</string>
			<key>isa</key>
			<string>PBXFileReference</string>
			<key>lastKnownFileType</key>
			<string>sourcecode.c.h</string>
			<key>name</key>
			<string>StickyHeaderFlowLayout.h</string>
			<key>path</key>
			<string>PhotoBox/Controllers/Layout/StickyHeaderFlowLayout.h</string>
			<key>sourceTree</key>
			<string>&lt;group&gt;</string>
		</dict>
		<key>035846B617D23FB800E196D7</key>
		<dict>
			<key>fileEncoding</key>
			<string>4</string>
			<key>isa</key>
			<string>PBXFileReference</string>
			<key>lastKnownFileType</key>
			<string>sourcecode.c.objc</string>
			<key>name</key>
			<string>StickyHeaderFlowLayout.m</string>
			<key>path</key>
			<string>PhotoBox/Controllers/Layout/StickyHeaderFlowLayout.m</string>
			<key>sourceTree</key>
			<string>&lt;group&gt;</string>
		</dict>
		<key>035846B717D23FB800E196D7</key>
		<dict>
			<key>fileRef</key>
			<string>035846B617D23FB800E196D7</string>
			<key>isa</key>
			<string>PBXBuildFile</string>
		</dict>
		<key>035846B817D2403500E196D7</key>
		<dict>
			<key>fileEncoding</key>
			<string>4</string>
			<key>isa</key>
			<string>PBXFileReference</string>
			<key>lastKnownFileType</key>
			<string>sourcecode.c.h</string>
			<key>name</key>
			<string>PhotosSectionHeaderView.h</string>
			<key>path</key>
			<string>PhotoBox/Cells/PhotosSectionHeaderView.h</string>
			<key>sourceTree</key>
			<string>&lt;group&gt;</string>
		</dict>
		<key>035846B917D2403500E196D7</key>
		<dict>
			<key>fileEncoding</key>
			<string>4</string>
			<key>isa</key>
			<string>PBXFileReference</string>
			<key>lastKnownFileType</key>
			<string>sourcecode.c.objc</string>
			<key>name</key>
			<string>PhotosSectionHeaderView.m</string>
			<key>path</key>
			<string>PhotoBox/Cells/PhotosSectionHeaderView.m</string>
			<key>sourceTree</key>
			<string>&lt;group&gt;</string>
		</dict>
		<key>035846BA17D2403500E196D7</key>
		<dict>
			<key>fileRef</key>
			<string>035846B917D2403500E196D7</string>
			<key>isa</key>
			<string>PBXBuildFile</string>
		</dict>
		<key>035846BE17D255A600E196D7</key>
		<dict>
			<key>fileEncoding</key>
			<string>4</string>
			<key>isa</key>
			<string>PBXFileReference</string>
			<key>lastKnownFileType</key>
			<string>sourcecode.c.h</string>
			<key>name</key>
			<string>PhotosHorizontalScrollingViewController.h</string>
			<key>path</key>
			<string>PhotoBox/Controllers/PhotosHorizontalScrollingViewController.h</string>
			<key>sourceTree</key>
			<string>&lt;group&gt;</string>
		</dict>
		<key>035846BF17D255A600E196D7</key>
		<dict>
			<key>fileEncoding</key>
			<string>4</string>
			<key>isa</key>
			<string>PBXFileReference</string>
			<key>lastKnownFileType</key>
			<string>sourcecode.c.objc</string>
			<key>name</key>
			<string>PhotosHorizontalScrollingViewController.m</string>
			<key>path</key>
			<string>PhotoBox/Controllers/PhotosHorizontalScrollingViewController.m</string>
			<key>sourceTree</key>
			<string>&lt;group&gt;</string>
		</dict>
		<key>035846C017D255A600E196D7</key>
		<dict>
			<key>fileRef</key>
			<string>035846BF17D255A600E196D7</string>
			<key>isa</key>
			<string>PBXBuildFile</string>
		</dict>
		<key>035846C117D2598600E196D7</key>
		<dict>
			<key>fileEncoding</key>
			<string>4</string>
			<key>isa</key>
			<string>PBXFileReference</string>
			<key>lastKnownFileType</key>
			<string>sourcecode.c.h</string>
			<key>name</key>
			<string>PhotoZoomableCell.h</string>
			<key>path</key>
			<string>PhotoBox/Cells/PhotoZoomableCell.h</string>
			<key>sourceTree</key>
			<string>&lt;group&gt;</string>
		</dict>
		<key>035846C217D2598600E196D7</key>
		<dict>
			<key>fileEncoding</key>
			<string>4</string>
			<key>isa</key>
			<string>PBXFileReference</string>
			<key>lastKnownFileType</key>
			<string>sourcecode.c.objc</string>
			<key>name</key>
			<string>PhotoZoomableCell.m</string>
			<key>path</key>
			<string>PhotoBox/Cells/PhotoZoomableCell.m</string>
			<key>sourceTree</key>
			<string>&lt;group&gt;</string>
		</dict>
		<key>035846C317D2598600E196D7</key>
		<dict>
			<key>fileRef</key>
			<string>035846C217D2598600E196D7</string>
			<key>isa</key>
			<string>PBXBuildFile</string>
		</dict>
		<key>035846C617D3470A00E196D7</key>
		<dict>
			<key>children</key>
			<array>
				<string>035846CA17D348DB00E196D7</string>
				<string>035846CB17D348DB00E196D7</string>
				<string>035846CD17D34A0D00E196D7</string>
				<string>035846CE17D34A0D00E196D7</string>
			</array>
			<key>isa</key>
			<string>PBXGroup</string>
			<key>name</key>
			<string>Transition</string>
			<key>sourceTree</key>
			<string>&lt;group&gt;</string>
		</dict>
		<key>035846CA17D348DB00E196D7</key>
		<dict>
			<key>fileEncoding</key>
			<string>4</string>
			<key>isa</key>
			<string>PBXFileReference</string>
			<key>lastKnownFileType</key>
			<string>sourcecode.c.h</string>
			<key>name</key>
			<string>PhotoBoxNavigationControllerDelegate.h</string>
			<key>path</key>
			<string>PhotoBox/Controllers/Delegates/PhotoBoxNavigationControllerDelegate.h</string>
			<key>sourceTree</key>
			<string>&lt;group&gt;</string>
		</dict>
		<key>035846CB17D348DB00E196D7</key>
		<dict>
			<key>fileEncoding</key>
			<string>4</string>
			<key>isa</key>
			<string>PBXFileReference</string>
			<key>lastKnownFileType</key>
			<string>sourcecode.c.objc</string>
			<key>name</key>
			<string>PhotoBoxNavigationControllerDelegate.m</string>
			<key>path</key>
			<string>PhotoBox/Controllers/Delegates/PhotoBoxNavigationControllerDelegate.m</string>
			<key>sourceTree</key>
			<string>&lt;group&gt;</string>
		</dict>
		<key>035846CC17D348DB00E196D7</key>
		<dict>
			<key>fileRef</key>
			<string>035846CB17D348DB00E196D7</string>
			<key>isa</key>
			<string>PBXBuildFile</string>
		</dict>
		<key>035846CD17D34A0D00E196D7</key>
		<dict>
			<key>fileEncoding</key>
			<string>4</string>
			<key>isa</key>
			<string>PBXFileReference</string>
			<key>lastKnownFileType</key>
			<string>sourcecode.c.h</string>
			<key>name</key>
			<string>ShowFullScreenPhotosAnimatedTransitioning.h</string>
			<key>path</key>
			<string>PhotoBox/Controllers/Delegates/ShowFullScreenPhotosAnimatedTransitioning.h</string>
			<key>sourceTree</key>
			<string>&lt;group&gt;</string>
		</dict>
		<key>035846CE17D34A0D00E196D7</key>
		<dict>
			<key>fileEncoding</key>
			<string>4</string>
			<key>isa</key>
			<string>PBXFileReference</string>
			<key>lastKnownFileType</key>
			<string>sourcecode.c.objc</string>
			<key>name</key>
			<string>ShowFullScreenPhotosAnimatedTransitioning.m</string>
			<key>path</key>
			<string>PhotoBox/Controllers/Delegates/ShowFullScreenPhotosAnimatedTransitioning.m</string>
			<key>sourceTree</key>
			<string>&lt;group&gt;</string>
		</dict>
		<key>035846CF17D34A0D00E196D7</key>
		<dict>
			<key>fileRef</key>
			<string>035846CE17D34A0D00E196D7</string>
			<key>isa</key>
			<string>PBXBuildFile</string>
		</dict>
		<key>035846D017D34C4800E196D7</key>
		<dict>
			<key>fileEncoding</key>
			<string>4</string>
			<key>isa</key>
			<string>PBXFileReference</string>
			<key>lastKnownFileType</key>
			<string>sourcecode.c.objc</string>
			<key>path</key>
			<string>PhotosViewControllerTest.m</string>
			<key>sourceTree</key>
			<string>&lt;group&gt;</string>
		</dict>
		<key>035846D117D34C4800E196D7</key>
		<dict>
			<key>fileRef</key>
			<string>035846D017D34C4800E196D7</string>
			<key>isa</key>
			<string>PBXBuildFile</string>
		</dict>
		<key>035846D717D364FE00E196D7</key>
		<dict>
			<key>fileEncoding</key>
			<string>4</string>
			<key>isa</key>
			<string>PBXFileReference</string>
			<key>lastKnownFileType</key>
			<string>sourcecode.c.h</string>
			<key>path</key>
			<string>UIView+Additionals.h</string>
			<key>sourceTree</key>
			<string>&lt;group&gt;</string>
		</dict>
		<key>035846D817D364FE00E196D7</key>
		<dict>
			<key>fileEncoding</key>
			<string>4</string>
			<key>isa</key>
			<string>PBXFileReference</string>
			<key>lastKnownFileType</key>
			<string>sourcecode.c.objc</string>
			<key>path</key>
			<string>UIView+Additionals.m</string>
			<key>sourceTree</key>
			<string>&lt;group&gt;</string>
		</dict>
		<key>035846D917D364FE00E196D7</key>
		<dict>
			<key>fileRef</key>
			<string>035846D817D364FE00E196D7</string>
			<key>isa</key>
			<string>PBXBuildFile</string>
		</dict>
		<key>03AE182417D8B004009CD844</key>
		<dict>
			<key>fileEncoding</key>
			<string>4</string>
			<key>isa</key>
			<string>PBXFileReference</string>
			<key>lastKnownFileType</key>
			<string>sourcecode.c.h</string>
			<key>name</key>
			<string>LoginViewController.h</string>
			<key>path</key>
			<string>PhotoBox/Controllers/LoginViewController.h</string>
			<key>sourceTree</key>
			<string>&lt;group&gt;</string>
		</dict>
		<key>03AE182517D8B004009CD844</key>
		<dict>
			<key>fileEncoding</key>
			<string>4</string>
			<key>isa</key>
			<string>PBXFileReference</string>
			<key>lastKnownFileType</key>
			<string>sourcecode.c.objc</string>
			<key>name</key>
			<string>LoginViewController.m</string>
			<key>path</key>
			<string>PhotoBox/Controllers/LoginViewController.m</string>
			<key>sourceTree</key>
			<string>&lt;group&gt;</string>
		</dict>
		<key>03AE182617D8B004009CD844</key>
		<dict>
			<key>fileRef</key>
			<string>03AE182517D8B004009CD844</string>
			<key>isa</key>
			<string>PBXBuildFile</string>
		</dict>
		<key>03AE182717D8B2F5009CD844</key>
		<dict>
			<key>children</key>
			<array>
				<string>031DD2B017D9BD6B00A80167</string>
				<string>031DD2A417D9BB8300A80167</string>
				<string>031DD2A517D9BB8300A80167</string>
				<string>031DD2A617D9BB8300A80167</string>
				<string>031DD2A717D9BB8300A80167</string>
				<string>031DD2A817D9BB8300A80167</string>
				<string>031DD2A917D9BB8300A80167</string>
				<string>03AE182817D8B2F5009CD844</string>
			</array>
			<key>isa</key>
			<string>PBXGroup</string>
			<key>name</key>
			<string>Images</string>
			<key>path</key>
			<string>PhotoBox/Images</string>
			<key>sourceTree</key>
			<string>&lt;group&gt;</string>
		</dict>
		<key>03AE182817D8B2F5009CD844</key>
		<dict>
			<key>isa</key>
			<string>PBXFileReference</string>
			<key>lastKnownFileType</key>
			<string>image.jpeg</string>
			<key>path</key>
			<string>loginbackground.jpg</string>
			<key>sourceTree</key>
			<string>&lt;group&gt;</string>
		</dict>
		<key>03AE182917D8B2F5009CD844</key>
		<dict>
			<key>fileRef</key>
			<string>03AE182817D8B2F5009CD844</string>
			<key>isa</key>
			<string>PBXBuildFile</string>
		</dict>
		<key>03AE182A17D8F266009CD844</key>
		<dict>
			<key>fileEncoding</key>
			<string>4</string>
			<key>isa</key>
			<string>PBXFileReference</string>
			<key>lastKnownFileType</key>
			<string>sourcecode.c.h</string>
			<key>path</key>
			<string>NSString+Additionals.h</string>
			<key>sourceTree</key>
			<string>&lt;group&gt;</string>
		</dict>
		<key>03AE182B17D8F267009CD844</key>
		<dict>
			<key>fileEncoding</key>
			<string>4</string>
			<key>isa</key>
			<string>PBXFileReference</string>
			<key>lastKnownFileType</key>
			<string>sourcecode.c.objc</string>
			<key>path</key>
			<string>NSString+Additionals.m</string>
			<key>sourceTree</key>
			<string>&lt;group&gt;</string>
		</dict>
		<key>03AE182C17D8F267009CD844</key>
		<dict>
			<key>fileRef</key>
			<string>03AE182B17D8F267009CD844</string>
			<key>isa</key>
			<string>PBXBuildFile</string>
		</dict>
		<key>03AE182D17D8F2C3009CD844</key>
		<dict>
			<key>fileEncoding</key>
			<string>4</string>
			<key>isa</key>
			<string>PBXFileReference</string>
			<key>lastKnownFileType</key>
			<string>sourcecode.c.objc</string>
			<key>path</key>
			<string>NSString+AdditionalsTests.m</string>
			<key>sourceTree</key>
			<string>&lt;group&gt;</string>
		</dict>
		<key>03AE182E17D8F2C3009CD844</key>
		<dict>
			<key>fileRef</key>
			<string>03AE182D17D8F2C3009CD844</string>
			<key>isa</key>
			<string>PBXBuildFile</string>
		</dict>
		<key>03B337EA17D89CF5002A486B</key>
		<dict>
			<key>fileEncoding</key>
			<string>4</string>
			<key>isa</key>
			<string>PBXFileReference</string>
			<key>lastKnownFileType</key>
			<string>sourcecode.c.objc</string>
			<key>path</key>
			<string>ConnectionManagerTests.m</string>
			<key>sourceTree</key>
			<string>&lt;group&gt;</string>
		</dict>
		<key>03B337EB17D89CF5002A486B</key>
		<dict>
			<key>fileRef</key>
			<string>03B337EA17D89CF5002A486B</string>
			<key>isa</key>
			<string>PBXBuildFile</string>
		</dict>
		<key>03DD04DE17F9C479001FB8A5</key>
		<dict>
			<key>fileEncoding</key>
			<string>4</string>
			<key>isa</key>
			<string>PBXFileReference</string>
			<key>lastKnownFileType</key>
			<string>sourcecode.c.objc</string>
			<key>path</key>
			<string>AlbumModelTests.m</string>
			<key>sourceTree</key>
			<string>&lt;group&gt;</string>
		</dict>
		<key>03DD04DF17F9C479001FB8A5</key>
		<dict>
			<key>fileRef</key>
			<string>03DD04DE17F9C479001FB8A5</string>
			<key>isa</key>
			<string>PBXBuildFile</string>
		</dict>
		<key>03DD04E017F9C58B001FB8A5</key>
		<dict>
			<key>fileEncoding</key>
			<string>4</string>
			<key>isa</key>
			<string>PBXFileReference</string>
			<key>lastKnownFileType</key>
			<string>text.json</string>
			<key>path</key>
			<string>albums.json</string>
			<key>sourceTree</key>
			<string>&lt;group&gt;</string>
		</dict>
		<key>03DD04E117F9C58B001FB8A5</key>
		<dict>
			<key>fileRef</key>
			<string>03DD04E017F9C58B001FB8A5</string>
			<key>isa</key>
			<string>PBXBuildFile</string>
		</dict>
		<key>03DD04E217F9C709001FB8A5</key>
		<dict>
			<key>fileEncoding</key>
			<string>4</string>
			<key>isa</key>
			<string>PBXFileReference</string>
			<key>lastKnownFileType</key>
			<string>text.json</string>
			<key>path</key>
			<string>album.json</string>
			<key>sourceTree</key>
			<string>&lt;group&gt;</string>
		</dict>
		<key>03DD04E317F9C709001FB8A5</key>
		<dict>
			<key>fileRef</key>
			<string>03DD04E217F9C709001FB8A5</string>
			<key>isa</key>
			<string>PBXBuildFile</string>
		</dict>
		<key>1220ACDE87AF4F8CAB118BAF</key>
		<dict>
			<key>buildActionMask</key>
			<string>2147483647</string>
			<key>files</key>
			<array/>
			<key>inputPaths</key>
			<array/>
			<key>isa</key>
			<string>PBXShellScriptBuildPhase</string>
			<key>name</key>
			<string>Check Pods Manifest.lock</string>
			<key>outputPaths</key>
			<array/>
			<key>runOnlyForDeploymentPostprocessing</key>
			<string>0</string>
			<key>shellPath</key>
			<string>/bin/sh</string>
			<key>shellScript</key>
			<string>diff "${PODS_ROOT}/../Podfile.lock" "${PODS_ROOT}/Manifest.lock" &gt; /dev/null
if [[ $? != 0 ]] ; then
    cat &lt;&lt; EOM
error: The sandbox is not in sync with the Podfile.lock. Run 'pod install' or update your CocoaPods installation.
EOM
    exit 1
fi
</string>
			<key>showEnvVarsInLog</key>
			<string>0</string>
		</dict>
		<key>2D8562143BB5431496ECF57D</key>
		<dict>
			<key>includeInIndex</key>
			<string>1</string>
			<key>isa</key>
			<string>PBXFileReference</string>
			<key>lastKnownFileType</key>
			<string>text.xcconfig</string>
			<key>name</key>
			<string>Pods.xcconfig</string>
			<key>path</key>
			<string>Pods/Pods.xcconfig</string>
			<key>sourceTree</key>
			<string>SOURCE_ROOT</string>
		</dict>
		<key>32CCCA973319465F8B41F5A2</key>
		<dict>
			<key>fileRef</key>
			<string>A1D8E459750D4D6DBD1D4F59</string>
			<key>isa</key>
			<string>PBXBuildFile</string>
		</dict>
		<key>5C130350325A429EBCF29C6C</key>
		<dict>
			<key>buildActionMask</key>
			<string>2147483647</string>
			<key>files</key>
			<array/>
			<key>inputPaths</key>
			<array/>
			<key>isa</key>
			<string>PBXShellScriptBuildPhase</string>
			<key>name</key>
			<string>Check Pods Manifest.lock</string>
			<key>outputPaths</key>
			<array/>
			<key>runOnlyForDeploymentPostprocessing</key>
			<string>0</string>
			<key>shellPath</key>
			<string>/bin/sh</string>
			<key>shellScript</key>
			<string>diff "${PODS_ROOT}/../Podfile.lock" "${PODS_ROOT}/Manifest.lock" &gt; /dev/null
if [[ $? != 0 ]] ; then
    cat &lt;&lt; EOM
error: The sandbox is not in sync with the Podfile.lock. Run 'pod install' or update your CocoaPods installation.
EOM
    exit 1
fi
</string>
			<key>showEnvVarsInLog</key>
			<string>0</string>
		</dict>
		<key>5EBC4A64AF074ED38D3177E6</key>
		<dict>
			<key>buildActionMask</key>
			<string>2147483647</string>
			<key>files</key>
			<array/>
			<key>inputPaths</key>
			<array/>
			<key>isa</key>
			<string>PBXShellScriptBuildPhase</string>
			<key>name</key>
			<string>Copy Pods Resources</string>
			<key>outputPaths</key>
			<array/>
			<key>runOnlyForDeploymentPostprocessing</key>
			<string>0</string>
			<key>shellPath</key>
			<string>/bin/sh</string>
			<key>shellScript</key>
			<string>"${SRCROOT}/Pods/Pods-PhotoBoxTests-resources.sh"
</string>
			<key>showEnvVarsInLog</key>
			<string>0</string>
		</dict>
		<key>7886DE63DB6640C196C77B87</key>
		<dict>
			<key>includeInIndex</key>
			<string>1</string>
			<key>isa</key>
			<string>PBXFileReference</string>
			<key>lastKnownFileType</key>
			<string>text.xcconfig</string>
			<key>name</key>
			<string>Pods-PhotoBoxTests.xcconfig</string>
			<key>path</key>
			<string>Pods/Pods-PhotoBoxTests.xcconfig</string>
			<key>sourceTree</key>
			<string>SOURCE_ROOT</string>
		</dict>
		<key>A1726016635D4784B088DF1D</key>
		<dict>
			<key>explicitFileType</key>
			<string>archive.ar</string>
			<key>includeInIndex</key>
			<string>0</string>
			<key>isa</key>
			<string>PBXFileReference</string>
			<key>path</key>
			<string>libPods-PhotoBoxTests.a</string>
			<key>sourceTree</key>
			<string>BUILT_PRODUCTS_DIR</string>
		</dict>
		<key>A1D8E459750D4D6DBD1D4F59</key>
		<dict>
			<key>explicitFileType</key>
			<string>archive.ar</string>
			<key>includeInIndex</key>
			<string>0</string>
			<key>isa</key>
			<string>PBXFileReference</string>
			<key>path</key>
			<string>libPods.a</string>
			<key>sourceTree</key>
			<string>BUILT_PRODUCTS_DIR</string>
		</dict>
		<key>A2569D1E0C8F41A1B5DFA12B</key>
		<dict>
			<key>fileRef</key>
			<string>A1726016635D4784B088DF1D</string>
			<key>isa</key>
			<string>PBXBuildFile</string>
		</dict>
		<key>A426A20BBE3148799A8BAA5E</key>
		<dict>
			<key>buildActionMask</key>
			<string>2147483647</string>
			<key>files</key>
			<array/>
			<key>inputPaths</key>
			<array/>
			<key>isa</key>
			<string>PBXShellScriptBuildPhase</string>
			<key>name</key>
			<string>Copy Pods Resources</string>
			<key>outputPaths</key>
			<array/>
			<key>runOnlyForDeploymentPostprocessing</key>
			<string>0</string>
			<key>shellPath</key>
			<string>/bin/sh</string>
			<key>shellScript</key>
			<string>"${SRCROOT}/Pods/Pods-PhotoBox-resources.sh"
</string>
			<key>showEnvVarsInLog</key>
			<string>0</string>
		</dict>
		<key>E845C4361E114610AD496CB5</key>
		<dict>
			<key>explicitFileType</key>
			<string>archive.ar</string>
			<key>includeInIndex</key>
			<string>0</string>
			<key>isa</key>
			<string>PBXFileReference</string>
			<key>path</key>
			<string>libPods-PhotoBox.a</string>
			<key>sourceTree</key>
			<string>BUILT_PRODUCTS_DIR</string>
		</dict>
	</dict>
	<key>rootObject</key>
	<string>032CBB7217D0BDF3001205B1</string>
</dict>
</plist>
